{
  "nodes": {
    "asdf-clojure": {
      "flake": false,
      "locked": {
        "lastModified": 1623377738,
        "narHash": "sha256-WYp4KKP7e41ENkmsQN2eeLU45EsE0i4SBU6kD3Gb9aE=",
        "owner": "halcyon",
        "repo": "asdf-clojure",
        "rev": "0b1b2bbd00a89ff65094b65a5ff378a924cdfca9",
        "type": "github"
      },
      "original": {
        "owner": "halcyon",
        "repo": "asdf-clojure",
        "type": "github"
      }
    },
    "asdf-java": {
      "flake": false,
      "locked": {
        "lastModified": 1656211871,
        "narHash": "sha256-rsRTKjCrZ1l2b5lap4GO1lcXtt02xoisMvCltnrmcHw=",
        "owner": "halcyon",
        "repo": "asdf-java",
        "rev": "93242f4b433da604620fc5fc19144de259fa5352",
        "type": "github"
      },
      "original": {
        "owner": "halcyon",
        "repo": "asdf-java",
        "type": "github"
      }
    },
    "asdf-nodejs": {
      "flake": false,
      "locked": {
        "lastModified": 1655344076,
        "narHash": "sha256-b9dwvMkItdviZYRDojWL8aUC/IePLaUAgY2Ioz6AKRA=",
        "owner": "asdf-vm",
        "repo": "asdf-nodejs",
        "rev": "05f99c37d0de29e8ca2b9e90bb36910f56be34d0",
        "type": "github"
      },
      "original": {
        "owner": "asdf-vm",
        "repo": "asdf-nodejs",
        "type": "github"
      }
    },
    "asdf-python": {
      "flake": false,
      "locked": {
        "lastModified": 1651872172,
        "narHash": "sha256-0Oc2kx7l1OTjZ+x96Nf1zl+3+Jnq+D/yFxY8G0XSJTg=",
        "owner": "danhper",
        "repo": "asdf-python",
        "rev": "57ef7770236261445efaee8394e53ed25ec8a24f",
        "type": "github"
      },
      "original": {
        "owner": "danhper",
        "repo": "asdf-python",
        "type": "github"
      }
    },
    "asdf-ruby": {
      "flake": false,
      "locked": {
        "lastModified": 1656593354,
        "narHash": "sha256-RP+C4y2iv3Hg38Z7EOSDSoniJbNa/uIaxL3VZmvOzWQ=",
        "owner": "asdf-vm",
        "repo": "asdf-ruby",
        "rev": "424792aeeec98d3e335b187c5641e5eeba3fd6d5",
        "type": "github"
      },
      "original": {
        "owner": "asdf-vm",
        "repo": "asdf-ruby",
        "type": "github"
      }
    },
    "clojure-deps-edn": {
      "flake": false,
      "locked": {
        "lastModified": 1656084676,
        "narHash": "sha256-qpnw4PC0uP1NAMzoL0u+SqjmQnJ9sH0Nr2zKYrGRtZI=",
        "owner": "practicalli",
        "repo": "clojure-deps-edn",
        "rev": "4529b64c3f01cccdf04cc9ee07ae1a6c98ddea8c",
        "type": "github"
      },
      "original": {
        "owner": "practicalli",
        "repo": "clojure-deps-edn",
        "type": "github"
      }
    },
    "comma": {
      "flake": false,
      "locked": {
        "lastModified": 1656104701,
        "narHash": "sha256-XulD3y2wTN6gwoOmdUnUj7euFQ6lMB9+LEvbj2QSGEw=",
        "owner": "nix-community",
        "repo": "comma",
        "rev": "af2f2904f165f7bb56f0baca7135e75923c2bc1a",
        "type": "github"
      },
      "original": {
        "owner": "nix-community",
        "repo": "comma",
        "type": "github"
      }
    },
    "darwin": {
      "inputs": {
        "nixpkgs": [
          "nixpkgs"
        ]
      },
      "locked": {
        "lastModified": 1651916036,
        "narHash": "sha256-UuD9keUGm4IuVEV6wdSYbuRm7CwfXE63hVkzKDjVsh4=",
        "owner": "LnL7",
        "repo": "nix-darwin",
        "rev": "2f2bdf658d2b79bada78dc914af99c53cad37cba",
        "type": "github"
      },
      "original": {
        "owner": "LnL7",
        "repo": "nix-darwin",
        "type": "github"
      }
    },
    "devshell": {
      "inputs": {
        "flake-utils": "flake-utils",
        "nixpkgs": "nixpkgs"
      },
      "locked": {
        "lastModified": 1655976588,
        "narHash": "sha256-VreHyH6ITkf/1EX/8h15UqhddJnUleb0HgbC3gMkAEQ=",
        "owner": "numtide",
        "repo": "devshell",
        "rev": "899ca4629020592a13a46783587f6e674179d1db",
        "type": "github"
      },
      "original": {
        "owner": "numtide",
        "repo": "devshell",
        "type": "github"
      }
    },
    "emacs-overlay": {
      "inputs": {
        "flake-utils": "flake-utils_2",
        "nixpkgs": "nixpkgs_2"
      },
      "locked": {
        "lastModified": 1656872948,
        "narHash": "sha256-PpkbO+yOmeDgEss9tV3ce3hgnrkeukZY7NJBcdUZowU=",
        "owner": "nix-community",
        "repo": "emacs-overlay",
        "rev": "90a8239ebb7c12ddefca43fca4d6b74d630ac433",
        "type": "github"
      },
      "original": {
        "owner": "nix-community",
        "repo": "emacs-overlay",
        "type": "github"
      }
    },
    "flake-compat": {
      "flake": false,
      "locked": {
        "lastModified": 1650374568,
        "narHash": "sha256-Z+s0J8/r907g149rllvwhb4pKi8Wam5ij0st8PwAh+E=",
        "owner": "edolstra",
        "repo": "flake-compat",
        "rev": "b4a34015c698c7793d592d66adbab377907a2be8",
        "type": "github"
      },
      "original": {
        "owner": "edolstra",
        "repo": "flake-compat",
        "type": "github"
      }
    },
    "flake-utils": {
      "locked": {
        "lastModified": 1642700792,
        "narHash": "sha256-XqHrk7hFb+zBvRg6Ghl+AZDq03ov6OshJLiSWOoX5es=",
        "owner": "numtide",
        "repo": "flake-utils",
        "rev": "846b2ae0fc4cc943637d3d1def4454213e203cba",
        "type": "github"
      },
      "original": {
        "owner": "numtide",
        "repo": "flake-utils",
        "type": "github"
      }
    },
    "flake-utils_2": {
      "locked": {
        "lastModified": 1656065134,
        "narHash": "sha256-oc6E6ByIw3oJaIyc67maaFcnjYOz1mMcOtHxbEf9NwQ=",
        "owner": "numtide",
        "repo": "flake-utils",
        "rev": "bee6a7250dd1b01844a2de7e02e4df7d8a0a206c",
        "type": "github"
      },
      "original": {
        "owner": "numtide",
        "repo": "flake-utils",
        "type": "github"
      }
    },
    "flake-utils_3": {
      "locked": {
        "lastModified": 1656065134,
        "narHash": "sha256-oc6E6ByIw3oJaIyc67maaFcnjYOz1mMcOtHxbEf9NwQ=",
        "owner": "numtide",
        "repo": "flake-utils",
        "rev": "bee6a7250dd1b01844a2de7e02e4df7d8a0a206c",
        "type": "github"
      },
      "original": {
        "owner": "numtide",
        "repo": "flake-utils",
        "type": "github"
      }
    },
    "home-manager": {
      "inputs": {
        "nixpkgs": [
          "nixpkgs"
        ],
        "utils": "utils"
      },
      "locked": {
        "lastModified": 1656367977,
        "narHash": "sha256-0hV17V9Up9pnAtPJ+787FhrsPnawxoTPA/VxgjRMrjc=",
        "owner": "nix-community",
        "repo": "home-manager",
        "rev": "3bf16c0fd141c28312be52945d1543f9ce557bb1",
        "type": "github"
      },
      "original": {
        "owner": "nix-community",
        "repo": "home-manager",
        "type": "github"
      }
    },
    "nixos-hardware": {
      "locked": {
        "lastModified": 1656702262,
        "narHash": "sha256-BdVdx6LoGgAeIYrHnzk+AgbtkaVlV3JNcC6+vltLuh0=",
        "owner": "nixos",
        "repo": "nixos-hardware",
        "rev": "c5308381432cdbf14d5b1128747a2845f5c6871e",
        "type": "github"
      },
      "original": {
        "owner": "nixos",
        "repo": "nixos-hardware",
        "type": "github"
      }
    },
    "nixpkgs": {
      "locked": {
        "lastModified": 1643381941,
        "narHash": "sha256-pHTwvnN4tTsEKkWlXQ8JMY423epos8wUOhthpwJjtpc=",
        "owner": "NixOS",
        "repo": "nixpkgs",
        "rev": "5efc8ca954272c4376ac929f4c5ffefcc20551d5",
        "type": "github"
      },
      "original": {
        "owner": "NixOS",
        "ref": "nixpkgs-unstable",
        "repo": "nixpkgs",
        "type": "github"
      }
    },
    "nixpkgs-21_11": {
      "locked": {
        "lastModified": 1656782578,
        "narHash": "sha256-1eMCBEqJplPotTo/SZ/t5HU6Sf2I8qKlZi9MX7jv9fw=",
        "owner": "NixOS",
        "repo": "nixpkgs",
        "rev": "573603b7fdb9feb0eb8efc16ee18a015c667ab1b",
        "type": "github"
      },
      "original": {
        "owner": "NixOS",
        "ref": "release-21.11",
        "repo": "nixpkgs",
        "type": "github"
      }
    },
    "nixpkgs-22_05": {
      "locked": {
        "lastModified": 1656782561,
        "narHash": "sha256-sZVLNNKIcELllTHqydsckz8HBfVqxeAt51acaaQWLCw=",
        "owner": "NixOS",
        "repo": "nixpkgs",
        "rev": "18038cee44aa0c3c99a2319c3c1c4d16d6612d81",
        "type": "github"
      },
      "original": {
        "owner": "NixOS",
        "ref": "release-22.05",
        "repo": "nixpkgs",
        "type": "github"
      }
    },
    "nixpkgs_2": {
      "locked": {
        "lastModified": 1655239344,
        "narHash": "sha256-5Va2Qmy50AspTfyHvoWrwCpTuqArOg9LnvRPe8YW5no=",
        "path": "/nix/store/19fkp4kfy3im81s5bnc5zg25k4g5hq86-source",
        "rev": "9ef09e06806e79e32e30d17aee6879d69c011037",
        "type": "path"
      },
      "original": {
        "id": "nixpkgs",
        "type": "indirect"
      }
    },
    "nixpkgs_3": {
      "locked": {
        "lastModified": 1656755932,
        "narHash": "sha256-TGThfOxr+HjFK464+UoUE6rClp2cwxjiKvHcBVdIGSQ=",
        "owner": "nixos",
        "repo": "nixpkgs",
        "rev": "660ac43ff9ab1f12e28bfb31d4719795777fe152",
        "type": "github"
      },
      "original": {
        "owner": "nixos",
        "ref": "nixpkgs-unstable",
        "repo": "nixpkgs",
        "type": "github"
      }
    },
    "nixpkgs_4": {
      "locked": {
        "lastModified": 1656755932,
        "narHash": "sha256-TGThfOxr+HjFK464+UoUE6rClp2cwxjiKvHcBVdIGSQ=",
        "owner": "NixOS",
        "repo": "nixpkgs",
        "rev": "660ac43ff9ab1f12e28bfb31d4719795777fe152",
        "type": "github"
      },
      "original": {
        "owner": "NixOS",
        "ref": "nixpkgs-unstable",
        "repo": "nixpkgs",
        "type": "github"
      }
    },
    "root": {
      "inputs": {
        "asdf-clojure": "asdf-clojure",
        "asdf-java": "asdf-java",
        "asdf-nodejs": "asdf-nodejs",
        "asdf-python": "asdf-python",
        "asdf-ruby": "asdf-ruby",
        "clojure-deps-edn": "clojure-deps-edn",
        "comma": "comma",
        "darwin": "darwin",
        "devshell": "devshell",
        "emacs-overlay": "emacs-overlay",
        "flake-compat": "flake-compat",
        "flake-utils": "flake-utils_3",
        "home-manager": "home-manager",
        "nixos-hardware": "nixos-hardware",
        "nixpkgs": "nixpkgs_3",
        "small": "small",
        "sops-nix": "sops-nix",
        "spacehammer": "spacehammer",
        "stable": "stable",
        "tmux-conf": "tmux-conf",
        "zsh-abbrev-alias": "zsh-abbrev-alias",
        "zsh-alias-tips": "zsh-alias-tips",
        "zsh-autoquoter": "zsh-autoquoter",
        "zsh-f-sy-h": "zsh-f-sy-h",
        "zsh-fzf-tab": "zsh-fzf-tab"
      }
    },
    "small": {
      "locked": {
        "lastModified": 1656793342,
        "narHash": "sha256-jFUd6+FxL0F5dxxxw3vyG3jTrEvo6SqYkZCnb84+ZmQ=",
        "owner": "nixos",
        "repo": "nixpkgs",
        "rev": "fe04d2c054fc7f78bd4bab13193548080c788e42",
        "type": "github"
      },
      "original": {
        "owner": "nixos",
        "ref": "nixos-unstable-small",
        "repo": "nixpkgs",
        "type": "github"
      }
    },
    "sops-nix": {
      "inputs": {
        "nixpkgs": "nixpkgs_4",
        "nixpkgs-21_11": "nixpkgs-21_11",
        "nixpkgs-22_05": "nixpkgs-22_05"
      },
      "locked": {
        "lastModified": 1656820546,
        "narHash": "sha256-g+1URmRH75RDAzVUtVb4Ls7X8n1iocAGULtSE7JUdwU=",
        "owner": "Mic92",
        "repo": "sops-nix",
        "rev": "85907ae7384477e447499f6e942d822d6f2998d8",
        "type": "github"
      },
      "original": {
        "owner": "Mic92",
        "repo": "sops-nix",
        "type": "github"
      }
    },
    "spacehammer": {
      "flake": false,
      "locked": {
        "lastModified": 1651883453,
        "narHash": "sha256-6r7uzC3CkxWSpJ/iAL9V0KaQuNyxX8z9w7ICMmibPtI=",
        "owner": "agzam",
        "repo": "spacehammer",
        "rev": "1a0526c4896cad78c840035f64880ab5ee5016b7",
        "type": "github"
      },
      "original": {
        "owner": "agzam",
        "repo": "spacehammer",
        "type": "github"
      }
    },
    "stable": {
      "locked": {
        "lastModified": 1656608236,
        "narHash": "sha256-ZRsimvpsuj5FI0R7uuTVq7vV/C3zKn4Kcfm6roOaNjA=",
        "owner": "nixos",
        "repo": "nixpkgs",
        "rev": "399c514226ac48d7855838d0777f47f2fa59730a",
        "type": "github"
      },
      "original": {
        "owner": "nixos",
        "ref": "nixos-21.11",
        "repo": "nixpkgs",
        "type": "github"
      }
    },
    "tmux-conf": {
      "flake": false,
      "locked": {
        "lastModified": 1655755345,
        "narHash": "sha256-jL/OqjqC9Npb/pt9J2ox1nu33q4RI/rKCtwp2EcQETA=",
        "owner": "gpakosz",
        "repo": ".tmux",
        "rev": "b69ae7c1a4243afd02c5883a500c61218f6bbf3b",
        "type": "github"
      },
      "original": {
        "owner": "gpakosz",
        "repo": ".tmux",
        "type": "github"
      }
    },
    "utils": {
      "locked": {
        "lastModified": 1653893745,
        "narHash": "sha256-0jntwV3Z8//YwuOjzhV2sgJJPt+HY6KhU7VZUL0fKZQ=",
        "owner": "numtide",
        "repo": "flake-utils",
        "rev": "1ed9fb1935d260de5fe1c2f7ee0ebaae17ed2fa1",
        "type": "github"
      },
      "original": {
        "owner": "numtide",
        "repo": "flake-utils",
        "type": "github"
      }
    },
    "zsh-abbrev-alias": {
      "flake": false,
      "locked": {
        "lastModified": 1626942886,
        "narHash": "sha256-jq5YEpIpvmBa/M7F4NeC77mE9WHSnza3tZwvgMPab7M=",
        "owner": "momo-lab",
        "repo": "zsh-abbrev-alias",
        "rev": "33fe094da0a70e279e1cc5376a3d7cb7a5343df5",
        "type": "github"
      },
      "original": {
        "owner": "momo-lab",
        "repo": "zsh-abbrev-alias",
        "type": "github"
      }
    },
    "zsh-alias-tips": {
      "flake": false,
      "locked": {
        "lastModified": 1655446277,
        "narHash": "sha256-b6b5/m0oinrB2jIPLFohWjZBhDbNJmi537u5pgzaefc=",
        "owner": "djui",
        "repo": "alias-tips",
        "rev": "8fc0d2f9b480991f78ce67c49621731d0336b22f",
        "type": "github"
      },
      "original": {
        "owner": "djui",
        "repo": "alias-tips",
        "type": "github"
      }
    },
    "zsh-autoquoter": {
      "flake": false,
      "locked": {
        "lastModified": 1652318839,
        "narHash": "sha256-r0jdo+YFTOejvNMTqzXi5ftcLzDpuKejX0wMFwqKdJY=",
        "owner": "ianthehenry",
        "repo": "zsh-autoquoter",
        "rev": "819a615fbfd2ad25c5d311080e3a325696b45de7",
        "type": "github"
      },
      "original": {
        "owner": "ianthehenry",
        "repo": "zsh-autoquoter",
        "type": "github"
      }
    },
    "zsh-f-sy-h": {
      "flake": false,
      "locked": {
        "lastModified": 1655122925,
        "narHash": "sha256-qpJFXmTP1x1Em0nReGaMNYi2JWk8zMgJtYsxZII5pss=",
        "owner": "z-shell",
        "repo": "F-Sy-H",
        "rev": "d4f64ff2a1eb9a0c4aa6ab5eb119dcc887904f83",
        "type": "github"
      },
      "original": {
        "owner": "z-shell",
        "repo": "F-Sy-H",
        "type": "github"
      }
    },
    "zsh-fzf-tab": {
      "flake": false,
      "locked": {
        "lastModified": 1650015730,
        "narHash": "sha256-ixUnuNtxxmiigeVjzuV5uG6rIBPY/1vdBZF2/Qv0Trs=",
        "owner": "Aloxaf",
        "repo": "fzf-tab",
        "rev": "7e0eee64df6c7c81a57792674646b5feaf89f263",
        "type": "github"
      },
      "original": {
        "owner": "Aloxaf",
        "repo": "fzf-tab",
        "type": "github"
      }
    }
  },
  "root": "root",
  "version": 7
}
