{
  "nodes": {
    "asdf-babashka": {
      "flake": false,
      "locked": {
        "lastModified": 1702989216,
        "narHash": "sha256-d6IpunujlVP2mvNCpQoziU5VFsDdRmQ/lN8wuAbo4Uc=",
        "owner": "pitch-io",
        "repo": "asdf-babashka",
        "rev": "3c263943d0dc0a7b32cd29461d0ee54ab2e8a64d",
        "type": "github"
      },
      "original": {
        "owner": "pitch-io",
        "repo": "asdf-babashka",
        "type": "github"
      }
    },
    "asdf-bun": {
      "flake": false,
      "locked": {
        "lastModified": 1750146042,
        "narHash": "sha256-ZdNnSq+NSluoGjDwkBnFEcri/Zdx3toXx9LbsN8h428=",
        "owner": "cometkim",
        "repo": "asdf-bun",
        "rev": "804d9603c473ea616fa078f851fa8380246e2c7a",
        "type": "github"
      },
      "original": {
        "owner": "cometkim",
        "repo": "asdf-bun",
        "type": "github"
      }
    },
    "asdf-chezscheme": {
      "flake": false,
      "locked": {
        "lastModified": 1761272274,
        "narHash": "sha256-7S6AmqnVq+td+PUEoipXGSvz0rw+fKNUllr+vBzY+pE=",
        "owner": "asdf-community",
        "repo": "asdf-chezscheme",
        "rev": "a9161d090d390339714a41b2a07b38c6ac3057f4",
        "type": "github"
      },
      "original": {
        "owner": "asdf-community",
        "repo": "asdf-chezscheme",
        "type": "github"
      }
    },
    "asdf-clojure": {
      "flake": false,
      "locked": {
        "lastModified": 1672073551,
        "narHash": "sha256-79TBKqgSPn9rm1bNFGaFL0Ldo84DEMlgvCHpvApeeTc=",
        "owner": "halcyon",
        "repo": "asdf-clojure",
        "rev": "01fbe947309fd8b976629631d93a34478a25f519",
        "type": "github"
      },
      "original": {
        "owner": "halcyon",
        "repo": "asdf-clojure",
        "type": "github"
      }
    },
    "asdf-crystal": {
      "flake": false,
      "locked": {
        "lastModified": 1726271020,
        "narHash": "sha256-+U8MvFdFV75IOQSrqyIXed13YY9hbHVfL3Hjb3JGgN8=",
        "owner": "asdf-community",
        "repo": "asdf-crystal",
        "rev": "7af37cf7b63ad0c3c176a1e740b2d0919f41f054",
        "type": "github"
      },
      "original": {
        "owner": "asdf-community",
        "repo": "asdf-crystal",
        "type": "github"
      }
    },
    "asdf-deno": {
      "flake": false,
      "locked": {
        "lastModified": 1763776927,
        "narHash": "sha256-U+RwvjXexnG7mrve52aFqUuNAZdus/7ddclp3uWlD7I=",
        "owner": "asdf-community",
        "repo": "asdf-deno",
        "rev": "aa87faf4d1eebe39a4d37e2e847ca95f07317bca",
        "type": "github"
      },
      "original": {
        "owner": "asdf-community",
        "repo": "asdf-deno",
        "type": "github"
      }
    },
    "asdf-elixir": {
      "flake": false,
      "locked": {
        "lastModified": 1762389765,
        "narHash": "sha256-zbxZ4vo7YisS/vvQPEWSnjED5SXbRJw6hKZdNz8xsk8=",
        "owner": "asdf-vm",
        "repo": "asdf-elixir",
        "rev": "f4ca7d50973d777240c04d7278c916d93d2a7efe",
        "type": "github"
      },
      "original": {
        "owner": "asdf-vm",
        "repo": "asdf-elixir",
        "type": "github"
      }
    },
    "asdf-flyctl": {
      "flake": false,
      "locked": {
        "lastModified": 1723716226,
        "narHash": "sha256-nvOM1W1Gu7S5DmOijWr9+QkiW8xdQfnmNQUKMdn4cBU=",
        "owner": "chessmango",
        "repo": "asdf-flyctl",
        "rev": "e87344f9b9e574dc8372859dfa098aadd8df81d8",
        "type": "github"
      },
      "original": {
        "owner": "chessmango",
        "repo": "asdf-flyctl",
        "type": "github"
      }
    },
    "asdf-golang": {
      "flake": false,
      "locked": {
        "lastModified": 1761274216,
        "narHash": "sha256-KGN/2QDrw4cLY/4rIMVgyj8ASLmgYL2cRwXRk3rHlBU=",
        "owner": "kennyp",
        "repo": "asdf-golang",
        "rev": "7cec9181a9b7871b5c213dc4a806080ac90b9bb7",
        "type": "github"
      },
      "original": {
        "owner": "kennyp",
        "repo": "asdf-golang",
        "type": "github"
      }
    },
    "asdf-hashicorp": {
      "flake": false,
      "locked": {
        "lastModified": 1761274550,
        "narHash": "sha256-RxySRd1fF+OVm7xP2FBXDYPd+QdrzWRg25JOuKfcmu4=",
        "owner": "asdf-community",
        "repo": "asdf-hashicorp",
        "rev": "d2557f97752761eecb50f63cd31b64c236d23089",
        "type": "github"
      },
      "original": {
        "owner": "asdf-community",
        "repo": "asdf-hashicorp",
        "type": "github"
      }
    },
    "asdf-haskell": {
      "flake": false,
      "locked": {
        "lastModified": 1742003531,
        "narHash": "sha256-fz5qgvmML3St5MaPGL4qMEhUxTF7Y647nDK0h6f0EbA=",
        "owner": "asdf-community",
        "repo": "asdf-haskell",
        "rev": "cabd4cd8ad99b717dacce8f26c8cc7de3546b373",
        "type": "github"
      },
      "original": {
        "owner": "asdf-community",
        "repo": "asdf-haskell",
        "type": "github"
      }
    },
    "asdf-janet": {
      "flake": false,
      "locked": {
        "lastModified": 1704963132,
        "narHash": "sha256-HSRfi6him0jQ1rSxpLPfsrzD8KPgMwyJP38bxI+0MDA=",
        "owner": "Jakski",
        "repo": "asdf-janet",
        "rev": "82f13cf6dda5c6f55db9c2f6d17709e99637db6a",
        "type": "github"
      },
      "original": {
        "owner": "Jakski",
        "repo": "asdf-janet",
        "type": "github"
      }
    },
    "asdf-java": {
      "flake": false,
      "locked": {
        "lastModified": 1766508609,
        "narHash": "sha256-zifX+N4ugP0x71FSWRL6aIK0RtJssAnZMMZ3Oi9XmTs=",
        "owner": "halcyon",
        "repo": "asdf-java",
        "rev": "7a95bc9f1065b733c1fc0a98af31cb72c9e6c8ac",
        "type": "github"
      },
      "original": {
        "owner": "halcyon",
        "repo": "asdf-java",
        "type": "github"
      }
    },
    "asdf-lua": {
      "flake": false,
      "locked": {
        "lastModified": 1739983353,
        "narHash": "sha256-5Z9JewKkYbXLbkUkEaZmvcdlwkuLdWExzJqbhSnYXZ4=",
        "owner": "Stratus3D",
        "repo": "asdf-lua",
        "rev": "1ebd84967ed6b7aefeb4300cfcb211f414be0226",
        "type": "github"
      },
      "original": {
        "owner": "Stratus3D",
        "repo": "asdf-lua",
        "type": "github"
      }
    },
    "asdf-nim": {
      "flake": false,
      "locked": {
        "lastModified": 1762147139,
        "narHash": "sha256-5skn3FeuUK9jyN09v+qKHJUpOkIos6VhazIguu9AvJQ=",
        "owner": "asdf-community",
        "repo": "asdf-nim",
        "rev": "3621a9f61fa4b10509d5576ea154a2a34358b1e8",
        "type": "github"
      },
      "original": {
        "owner": "asdf-community",
        "repo": "asdf-nim",
        "type": "github"
      }
    },
    "asdf-ninja": {
      "flake": false,
      "locked": {
        "lastModified": 1742003485,
        "narHash": "sha256-oE5uY8728Q1qu1m0iFzoQ587NtE+upkRIlf8BvEsPIc=",
        "owner": "asdf-community",
        "repo": "asdf-ninja",
        "rev": "57fa521ace8955652a5c84d534bbbf49aee6b507",
        "type": "github"
      },
      "original": {
        "owner": "asdf-community",
        "repo": "asdf-ninja",
        "type": "github"
      }
    },
    "asdf-nodejs": {
      "flake": false,
      "locked": {
        "lastModified": 1750251804,
        "narHash": "sha256-l7Nd1NJBKM7hTltLHklzHLtKhZCbGf5ChtCDqG8JgiU=",
        "owner": "asdf-vm",
        "repo": "asdf-nodejs",
        "rev": "90b8ecaa556916daba983a7b01869a9ea682f285",
        "type": "github"
      },
      "original": {
        "owner": "asdf-vm",
        "repo": "asdf-nodejs",
        "type": "github"
      }
    },
    "asdf-ocaml": {
      "flake": false,
      "locked": {
        "lastModified": 1761275781,
        "narHash": "sha256-2P72Gn/hIuPRxX0eTlG69JJ9PV/zb2CyXNJcNg84HM4=",
        "owner": "asdf-community",
        "repo": "asdf-ocaml",
        "rev": "5938b9992d9acb844323c3c538eb84263b8f446e",
        "type": "github"
      },
      "original": {
        "owner": "asdf-community",
        "repo": "asdf-ocaml",
        "type": "github"
      }
    },
    "asdf-pnpm": {
      "flake": false,
      "locked": {
        "lastModified": 1766970981,
        "narHash": "sha256-j+SsGPqUPQJH8ppI3K3dORE0wRGe5mIvog2u039St64=",
        "owner": "jonathanmorley",
        "repo": "asdf-pnpm",
        "rev": "c9e8d9b42ece03ee3949d2e10018c71f1f1c134e",
        "type": "github"
      },
      "original": {
        "owner": "jonathanmorley",
        "repo": "asdf-pnpm",
        "type": "github"
      }
    },
    "asdf-poetry": {
      "flake": false,
      "locked": {
        "lastModified": 1761274593,
        "narHash": "sha256-+BQOHCH8cEKtNaQgoVvV9WN/qkAcMMtVD/WgEB6yIi4=",
        "owner": "asdf-community",
        "repo": "asdf-poetry",
        "rev": "5207a9ede4e77b4de2443d86fb1a5744f6222059",
        "type": "github"
      },
      "original": {
        "owner": "asdf-community",
        "repo": "asdf-poetry",
        "type": "github"
      }
    },
    "asdf-python": {
      "flake": false,
      "locked": {
        "lastModified": 1749572730,
        "narHash": "sha256-5cc46/5xiAl7pplIDGTocqkJ2pHZaIuIBMhdJdUwhR0=",
        "owner": "danhper",
        "repo": "asdf-python",
        "rev": "d4caa7d4832313b4c141ee0ceca4118747147e89",
        "type": "github"
      },
      "original": {
        "owner": "danhper",
        "repo": "asdf-python",
        "type": "github"
      }
    },
    "asdf-racket": {
      "flake": false,
      "locked": {
        "lastModified": 1736013689,
        "narHash": "sha256-kHwmdtH/ZOnI4CRQCtn1PnesCgrRdDoUfiLLbkuuN5w=",
        "owner": "asdf-community",
        "repo": "asdf-racket",
        "rev": "f7451d0932ef3baba5dc03301898a8956f64db71",
        "type": "github"
      },
      "original": {
        "owner": "asdf-community",
        "repo": "asdf-racket",
        "type": "github"
      }
    },
    "asdf-ruby": {
      "flake": false,
      "locked": {
        "lastModified": 1766754412,
        "narHash": "sha256-b7SAj0paaDEJwe1ekJ2rRRH1256KASUMSaShcp62cY0=",
        "owner": "asdf-vm",
        "repo": "asdf-ruby",
        "rev": "cfcda017dc57aaf6dff626c94496b5fe094525a1",
        "type": "github"
      },
      "original": {
        "owner": "asdf-vm",
        "repo": "asdf-ruby",
        "type": "github"
      }
    },
    "asdf-sbcl": {
      "flake": false,
      "locked": {
        "lastModified": 1729868868,
        "narHash": "sha256-lNsCioJVPu4q3k+/bN5GDePDAVlpO/LX2Wj8op+f0bM=",
        "owner": "smashedtoatoms",
        "repo": "asdf-sbcl",
        "rev": "55d457f8246afc008f95bc08ce4e704b8f20571d",
        "type": "github"
      },
      "original": {
        "owner": "smashedtoatoms",
        "repo": "asdf-sbcl",
        "type": "github"
      }
    },
    "asdf-scala": {
      "flake": false,
      "locked": {
        "lastModified": 1755176237,
        "narHash": "sha256-FZv668CCKWyagcOWdIcosCy0GvDUk58OAIX16hTZ/P0=",
        "owner": "asdf-community",
        "repo": "asdf-scala",
        "rev": "53061f50fd0684edf31bf5fb0fe60b0a0821282b",
        "type": "github"
      },
      "original": {
        "owner": "asdf-community",
        "repo": "asdf-scala",
        "type": "github"
      }
    },
    "asdf-solidity": {
      "flake": false,
      "locked": {
        "lastModified": 1618751269,
        "narHash": "sha256-lDDLafT+p6iSu/b598jNRUBOHuA98f975FeySD5GGHs=",
        "owner": "diegodorado",
        "repo": "asdf-solidity",
        "rev": "cde20cacaec6cd32fc2da88ec3a745d069074fff",
        "type": "github"
      },
      "original": {
        "owner": "diegodorado",
        "repo": "asdf-solidity",
        "type": "github"
      }
    },
    "asdf-trivy": {
      "flake": false,
      "locked": {
        "lastModified": 1738385037,
        "narHash": "sha256-wBkpeq13Kn+GrBW3cpfUQRBb1TkgdjndAaXV1pPRYnI=",
        "owner": "zufardhiyaulhaq",
        "repo": "asdf-trivy",
        "rev": "b5c7961a1d38b6a1b7291cd90af8ccc03b23e319",
        "type": "github"
      },
      "original": {
        "owner": "zufardhiyaulhaq",
        "repo": "asdf-trivy",
        "type": "github"
      }
    },
    "asdf-uv": {
      "flake": false,
      "locked": {
        "lastModified": 1760090689,
        "narHash": "sha256-7pA1TD4ompxRw8hEZz9qPtjTWKP8sv1TG96h2wwBNWo=",
        "owner": "asdf-community",
        "repo": "asdf-uv",
        "rev": "1d44a50b8006921f3cb55b4e4d14b1d90472b201",
        "type": "github"
      },
      "original": {
        "owner": "asdf-community",
        "repo": "asdf-uv",
        "type": "github"
      }
    },
    "asdf-v": {
      "flake": false,
      "locked": {
        "lastModified": 1580113338,
        "narHash": "sha256-tevJMZENpzJQNdr1HxYz+1BVuz7Jk/0I1S+VHnD1ghQ=",
        "owner": "ndac-todoroki",
        "repo": "asdf-v",
        "rev": "92fc3860600cc18d7ac00cab8777bcc452bb591f",
        "type": "github"
      },
      "original": {
        "owner": "ndac-todoroki",
        "repo": "asdf-v",
        "type": "github"
      }
    },
    "asdf-yarn": {
      "flake": false,
      "locked": {
        "lastModified": 1611438553,
        "narHash": "sha256-ILLi5yzSYcpDidq1b6LE2M2yga8jB+R4kJ759eo26PY=",
        "owner": "twuni",
        "repo": "asdf-yarn",
        "rev": "376c5407ef22c82fa56e4bd9f6a9108354063acb",
        "type": "github"
      },
      "original": {
        "owner": "twuni",
        "repo": "asdf-yarn",
        "type": "github"
      }
    },
    "asdf-zig": {
      "flake": false,
      "locked": {
        "lastModified": 1760283206,
        "narHash": "sha256-zTkgAe2pc6ccPja1xN1cKBMT2iCp1kjH4eRGZrqpCSc=",
        "owner": "cheetah",
        "repo": "asdf-zig",
        "rev": "61d19e7ca2d4bb7412271634936422690f59468b",
        "type": "github"
      },
      "original": {
        "owner": "cheetah",
        "repo": "asdf-zig",
        "type": "github"
      }
    },
    "atuin": {
      "inputs": {
        "fenix": "fenix",
        "flake-compat": "flake-compat",
        "flake-utils": "flake-utils",
        "nixpkgs": "nixpkgs"
      },
      "locked": {
        "lastModified": 1761082669,
        "narHash": "sha256-bfSa3RtVXxHt3usDqqpE/oXKKDUZOrf+tD9uL59fr6M=",
        "owner": "atuinsh",
        "repo": "atuin",
        "rev": "37e257105ab801b49fd07a927d707a36a2e771a1",
        "type": "github"
      },
      "original": {
        "owner": "atuinsh",
        "ref": "v18.10.0",
        "repo": "atuin",
        "type": "github"
      }
    },
    "clj-nix": {
      "inputs": {
        "devshell": "devshell",
        "nix-fetcher-data": "nix-fetcher-data",
        "nixpkgs": [
          "clojure-lsp",
          "nixpkgs"
        ]
      },
      "locked": {
        "lastModified": 1738969798,
        "narHash": "sha256-yHUAph4easuun343wEEJXC4qsftl9vRy+CqLkORkeKI=",
        "owner": "jlesquembre",
        "repo": "clj-nix",
        "rev": "7b314a06743ef400beb921d3559482741d19bf3f",
        "type": "github"
      },
      "original": {
        "owner": "jlesquembre",
        "repo": "clj-nix",
        "type": "github"
      }
    },
    "clojure-deps-edn": {
      "flake": false,
      "locked": {
        "lastModified": 1767022910,
        "narHash": "sha256-FElPAPH5MvwniWx8pg1+Xzt7Aua3YFiPm97N/ZrT/8g=",
        "owner": "practicalli",
        "repo": "clojure-deps-edn",
        "rev": "9c58c634127fc6a4752f62db27ca473c8040fe05",
        "type": "github"
      },
      "original": {
        "owner": "practicalli",
        "repo": "clojure-deps-edn",
        "type": "github"
      }
    },
    "clojure-lsp": {
      "inputs": {
        "clj-nix": "clj-nix",
        "flake-utils": "flake-utils_2",
        "nixpkgs": "nixpkgs_2"
      },
      "locked": {
        "lastModified": 1767031942,
        "narHash": "sha256-3o/jg8WpAC9nihE2SZMYo6lN/gS04fYw4qzYaUiiqWg=",
        "owner": "clojure-lsp",
        "repo": "clojure-lsp",
        "rev": "484b4eac682a1c9df1f611ca30607151aae0cb72",
        "type": "github"
      },
      "original": {
        "owner": "clojure-lsp",
        "repo": "clojure-lsp",
        "type": "github"
      }
    },
    "comma": {
      "flake": false,
      "locked": {
        "lastModified": 1765198089,
        "narHash": "sha256-pBsp1h+5ErJx+kf5KMLWv7l5DzDyletKq3MZu0XtzzM=",
        "owner": "nix-community",
        "repo": "comma",
        "rev": "3bdb4b82150dd2375eac586ff0582817816afca2",
        "type": "github"
      },
      "original": {
        "owner": "nix-community",
        "repo": "comma",
        "type": "github"
      }
    },
    "crane": {
      "locked": {
        "lastModified": 1765145449,
        "narHash": "sha256-aBVHGWWRzSpfL++LubA0CwOOQ64WNLegrYHwsVuVN7A=",
        "owner": "ipetkov",
        "repo": "crane",
        "rev": "69f538cdce5955fcd47abfed4395dc6d5194c1c5",
        "type": "github"
      },
      "original": {
        "owner": "ipetkov",
        "repo": "crane",
        "type": "github"
      }
    },
    "darwin": {
      "inputs": {
        "nixpkgs": [
          "nixpkgs"
        ]
      },
      "locked": {
        "lastModified": 1767028240,
        "narHash": "sha256-0/fLUqwJ4Z774muguUyn5t8AQ6wyxlNbHexpje+5hRo=",
        "owner": "nix-darwin",
        "repo": "nix-darwin",
        "rev": "c31afa6e76da9bbc7c9295e39c7de9fca1071ea1",
        "type": "github"
      },
      "original": {
        "owner": "nix-darwin",
        "ref": "master",
        "repo": "nix-darwin",
        "type": "github"
      }
    },
    "darwin-stable": {
      "locked": {
        "lastModified": 1766963038,
        "narHash": "sha256-04C7Hhvh35AF2RlbZTxoMjfSe3HItLQY8DZKlxjZYyU=",
        "owner": "nixos",
        "repo": "nixpkgs",
        "rev": "2126b5b4845e8ee1e5045373df27387856eaedfd",
        "type": "github"
      },
      "original": {
        "owner": "nixos",
        "ref": "nixpkgs-25.05-darwin",
        "repo": "nixpkgs",
        "type": "github"
      }
    },
    "devshell": {
      "inputs": {
        "nixpkgs": [
          "clojure-lsp",
          "clj-nix",
          "nixpkgs"
        ]
      },
      "locked": {
        "lastModified": 1728330715,
        "narHash": "sha256-xRJ2nPOXb//u1jaBnDP56M7v5ldavjbtR6lfGqSvcKg=",
        "owner": "numtide",
        "repo": "devshell",
        "rev": "dd6b80932022cea34a019e2bb32f6fa9e494dfef",
        "type": "github"
      },
      "original": {
        "owner": "numtide",
        "repo": "devshell",
        "type": "github"
      }
    },
    "devshell_2": {
      "inputs": {
        "nixpkgs": "nixpkgs_3"
      },
      "locked": {
        "lastModified": 1764011051,
        "narHash": "sha256-M7SZyPZiqZUR/EiiBJnmyUbOi5oE/03tCeFrTiUZchI=",
        "owner": "numtide",
        "repo": "devshell",
        "rev": "17ed8d9744ebe70424659b0ef74ad6d41fc87071",
        "type": "github"
      },
      "original": {
        "owner": "numtide",
        "repo": "devshell",
        "type": "github"
      }
    },
    "emacs-custom-src": {
      "flake": false,
      "locked": {
        "lastModified": 1755162243,
        "narHash": "sha256-3Lfb3HqdlXqSnwJfxe7npa4GGR9djldy8bKRpkQCdSA=",
        "owner": "emacs-mirror",
        "repo": "emacs",
        "rev": "636f166cfc86aa90d63f592fd99f3fdd9ef95ebd",
        "type": "github"
      },
      "original": {
        "owner": "emacs-mirror",
        "ref": "emacs-30.2",
        "repo": "emacs",
        "type": "github"
      }
    },
    "emacs-lsp-booster": {
      "inputs": {
        "nixpkgs": "nixpkgs_4"
      },
      "locked": {
        "lastModified": 1744007427,
        "narHash": "sha256-eccCwW7GQVSk/WOCxt5izY5VdVknheI3oAXa0Xg9k9U=",
        "owner": "slotThe",
        "repo": "emacs-lsp-booster-flake",
        "rev": "8229947cf6d2f565a9aa882b7946c643099e1ef0",
        "type": "github"
      },
      "original": {
        "owner": "slotThe",
        "repo": "emacs-lsp-booster-flake",
        "type": "github"
      }
    },
    "emacs-overlay": {
      "inputs": {
        "nixpkgs": "nixpkgs_5",
        "nixpkgs-stable": "nixpkgs-stable"
      },
      "locked": {
        "lastModified": 1743819438,
        "narHash": "sha256-U7Ujvyq3UQRAmyQw1ZWmxVQ9YB8HarabGXR6FMYQcxo=",
        "owner": "nix-community",
        "repo": "emacs-overlay",
        "rev": "c26fc03462cd33ad9e58f54a8f4e24c322243400",
        "type": "github"
      },
      "original": {
        "owner": "nix-community",
        "repo": "emacs-overlay",
        "type": "github"
      }
    },
    "fenix": {
      "inputs": {
        "nixpkgs": [
          "atuin",
          "nixpkgs"
        ],
        "rust-analyzer-src": "rust-analyzer-src"
      },
      "locked": {
        "lastModified": 1758609765,
        "narHash": "sha256-VIYu7R9Yc/CItjmzLSm21Lr9DgpEsKL5H+JUu8KDTn4=",
        "owner": "nix-community",
        "repo": "fenix",
        "rev": "05545a7f3cd5cd5628b195520758e56e6734b90a",
        "type": "github"
      },
      "original": {
        "owner": "nix-community",
        "repo": "fenix",
        "type": "github"
      }
    },
    "flake-compat": {
      "flake": false,
      "locked": {
        "lastModified": 1747046372,
        "narHash": "sha256-CIVLLkVgvHYbgI2UpXvIIBJ12HWgX+fjA8Xf8PUmqCY=",
        "owner": "edolstra",
        "repo": "flake-compat",
        "rev": "9100a0f413b0c601e0533d1d94ffd501ce2e7885",
        "type": "github"
      },
      "original": {
        "owner": "edolstra",
        "repo": "flake-compat",
        "type": "github"
      }
    },
    "flake-compat_2": {
      "flake": false,
      "locked": {
        "lastModified": 1767039101,
        "narHash": "sha256-I1H5yDs9Hst1BOaRtfj0AGCLWLd5f9KUE1QdEOxcr5w=",
        "owner": "edolstra",
        "repo": "flake-compat",
        "rev": "df475c51f7d9c726968836f986c35291f9903c21",
        "type": "github"
      },
      "original": {
        "owner": "edolstra",
        "repo": "flake-compat",
        "type": "github"
      }
    },
    "flake-compat_3": {
      "locked": {
        "lastModified": 1765121682,
        "narHash": "sha256-4VBOP18BFeiPkyhy9o4ssBNQEvfvv1kXkasAYd0+rrA=",
        "owner": "edolstra",
        "repo": "flake-compat",
        "rev": "65f23138d8d09a92e30f1e5c87611b23ef451bf3",
        "type": "github"
      },
      "original": {
        "owner": "edolstra",
        "repo": "flake-compat",
        "type": "github"
      }
    },
    "flake-parts": {
      "inputs": {
        "nixpkgs-lib": "nixpkgs-lib"
      },
      "locked": {
        "lastModified": 1719745305,
        "narHash": "sha256-xwgjVUpqSviudEkpQnioeez1Uo2wzrsMaJKJClh+Bls=",
        "owner": "hercules-ci",
        "repo": "flake-parts",
        "rev": "c3c5ecc05edc7dafba779c6c1a61cd08ac6583e9",
        "type": "github"
      },
      "original": {
        "owner": "hercules-ci",
        "repo": "flake-parts",
        "type": "github"
      }
    },
    "flake-utils": {
      "inputs": {
        "systems": "systems"
      },
      "locked": {
        "lastModified": 1731533236,
        "narHash": "sha256-l0KFg5HjrsfsO/JpG+r7fRrqm12kzFHyUHqHCVpMMbI=",
        "owner": "numtide",
        "repo": "flake-utils",
        "rev": "11707dc2f618dd54ca8739b309ec4fc024de578b",
        "type": "github"
      },
      "original": {
        "owner": "numtide",
        "repo": "flake-utils",
        "type": "github"
      }
    },
    "flake-utils_2": {
      "inputs": {
        "systems": "systems_2"
      },
      "locked": {
        "lastModified": 1731533236,
        "narHash": "sha256-l0KFg5HjrsfsO/JpG+r7fRrqm12kzFHyUHqHCVpMMbI=",
        "owner": "numtide",
        "repo": "flake-utils",
        "rev": "11707dc2f618dd54ca8739b309ec4fc024de578b",
        "type": "github"
      },
      "original": {
        "owner": "numtide",
        "repo": "flake-utils",
        "type": "github"
      }
    },
    "flake-utils_3": {
      "inputs": {
        "systems": "systems_3"
      },
      "locked": {
        "lastModified": 1731533236,
        "narHash": "sha256-l0KFg5HjrsfsO/JpG+r7fRrqm12kzFHyUHqHCVpMMbI=",
        "owner": "numtide",
        "repo": "flake-utils",
        "rev": "11707dc2f618dd54ca8739b309ec4fc024de578b",
        "type": "github"
      },
      "original": {
        "owner": "numtide",
        "repo": "flake-utils",
        "type": "github"
      }
    },
    "flake-utils_4": {
      "inputs": {
        "systems": "systems_4"
      },
      "locked": {
        "lastModified": 1731533236,
        "narHash": "sha256-l0KFg5HjrsfsO/JpG+r7fRrqm12kzFHyUHqHCVpMMbI=",
        "owner": "numtide",
        "repo": "flake-utils",
        "rev": "11707dc2f618dd54ca8739b309ec4fc024de578b",
        "type": "github"
      },
      "original": {
        "owner": "numtide",
        "repo": "flake-utils",
        "type": "github"
      }
    },
    "forgit": {
      "flake": false,
      "locked": {
        "lastModified": 1766346356,
        "narHash": "sha256-3PjKFARsN3BE5c3/JonNj+LpKBPT1N3hc1bK6NdWDTQ=",
        "owner": "wfxr",
        "repo": "forgit",
        "rev": "151d61daffe75d0c378af4ca80f0cc9a77e3f96e",
        "type": "github"
      },
      "original": {
        "owner": "wfxr",
        "repo": "forgit",
        "type": "github"
      }
    },
    "hexrgb": {
      "flake": false,
      "locked": {
        "lastModified": 1514842371,
        "narHash": "sha256-PxwRIuiX0gzm9pZMUcFIbr8Oe/7lylKzk0KW+jM0tHg=",
        "owner": "emacsmirror",
        "repo": "hexrgb",
        "rev": "90e5f07f14bdb9966648977965094c75072691d4",
        "type": "github"
      },
      "original": {
        "owner": "emacsmirror",
        "repo": "hexrgb",
        "type": "github"
      }
    },
    "home-manager": {
      "inputs": {
        "nixpkgs": [
          "nixpkgs"
        ]
      },
      "locked": {
        "lastModified": 1767556355,
        "narHash": "sha256-RDTUBDQBi9D4eD9iJQWtUDN/13MDLX+KmE+TwwNUp2s=",
        "owner": "nix-community",
        "repo": "home-manager",
        "rev": "f894bc4ffde179d178d8deb374fcf9855d1a82b7",
        "type": "github"
      },
      "original": {
        "owner": "nix-community",
        "ref": "master",
        "repo": "home-manager",
        "type": "github"
      }
    },
    "nix-fetcher-data": {
      "inputs": {
        "flake-parts": "flake-parts",
        "nixpkgs": [
          "clojure-lsp",
          "clj-nix",
          "nixpkgs"
        ]
      },
      "locked": {
        "lastModified": 1728229178,
        "narHash": "sha256-p5Fx880uBYstIsbaDYN7sECJT11oHxZQKtHgMAVblWA=",
        "owner": "jlesquembre",
        "repo": "nix-fetcher-data",
        "rev": "f3a73c34d28db49ef90fd7872a142bfe93120e55",
        "type": "github"
      },
      "original": {
        "owner": "jlesquembre",
        "repo": "nix-fetcher-data",
        "type": "github"
      }
    },
    "nix-openclaw": {
      "inputs": {
        "flake-utils": "flake-utils_4",
        "home-manager": [
          "home-manager"
        ],
        "nix-steipete-tools": "nix-steipete-tools",
        "nixpkgs": [
          "nixpkgs"
        ]
      },
      "locked": {
        "lastModified": 1770615938,
        "narHash": "sha256-H7QJfKd00VrgbR/im+eaM9g3If4VnWubarcQdr0jrTs=",
        "owner": "openclaw",
        "repo": "nix-openclaw",
        "rev": "477c30e14da3e912a1374c08dfa74865e7030284",
        "type": "github"
      },
      "original": {
        "owner": "openclaw",
        "repo": "nix-openclaw",
        "type": "github"
      }
    },
    "nix-steipete-tools": {
      "inputs": {
        "nixpkgs": "nixpkgs_6"
      },
      "locked": {
        "lastModified": 1770240566,
        "narHash": "sha256-fY8t41kMSHu2ovf89mIdvC7vkceroCwKxw/MKVn4rsE=",
        "owner": "openclaw",
        "repo": "nix-steipete-tools",
        "rev": "983210e3b6e9285780e87f48ce9354b51a270e95",
        "type": "github"
      },
      "original": {
        "owner": "openclaw",
        "repo": "nix-steipete-tools",
        "type": "github"
      }
    },
    "nixos-hardware": {
      "locked": {
        "lastModified": 1766568855,
        "narHash": "sha256-UXVtN77D7pzKmzOotFTStgZBqpOcf8cO95FcupWp4Zo=",
        "owner": "nixos",
        "repo": "nixos-hardware",
        "rev": "c5db9569ac9cc70929c268ac461f4003e3e5ca80",
        "type": "github"
      },
      "original": {
        "owner": "nixos",
        "repo": "nixos-hardware",
        "type": "github"
      }
    },
    "nixpkgs": {
      "locked": {
        "lastModified": 1758446476,
        "narHash": "sha256-5rdAi7CTvM/kSs6fHe1bREIva5W3TbImsto+dxG4mBo=",
        "owner": "NixOS",
        "repo": "nixpkgs",
        "rev": "a1f79a1770d05af18111fbbe2a3ab2c42c0f6cd0",
        "type": "github"
      },
      "original": {
        "owner": "NixOS",
        "ref": "nixpkgs-unstable",
        "repo": "nixpkgs",
        "type": "github"
      }
    },
    "nixpkgs-lib": {
      "locked": {
        "lastModified": 1717284937,
        "narHash": "sha256-lIbdfCsf8LMFloheeE6N31+BMIeixqyQWbSr2vk79EQ=",
        "type": "tarball",
        "url": "https://github.com/NixOS/nixpkgs/archive/eb9ceca17df2ea50a250b6b27f7bf6ab0186f198.tar.gz"
      },
      "original": {
        "type": "tarball",
        "url": "https://github.com/NixOS/nixpkgs/archive/eb9ceca17df2ea50a250b6b27f7bf6ab0186f198.tar.gz"
      }
    },
    "nixpkgs-master": {
      "locked": {
        "lastModified": 1767038925,
        "narHash": "sha256-ZiN461H8qj3kzapWWLikXmj7z26cE+ArB5A5/gJbnyA=",
        "owner": "nixos",
        "repo": "nixpkgs",
        "rev": "b3e63c463300afff27cf4a1c6c81d4a6d41eb9b3",
        "type": "github"
      },
      "original": {
        "owner": "nixos",
        "ref": "master",
        "repo": "nixpkgs",
        "type": "github"
      }
    },
    "nixpkgs-stable": {
      "locked": {
        "lastModified": 1743703532,
        "narHash": "sha256-s1KLDALEeqy+ttrvqV3jx9mBZEvmthQErTVOAzbjHZs=",
        "owner": "NixOS",
        "repo": "nixpkgs",
        "rev": "bdb91860de2f719b57eef819b5617762f7120c70",
        "type": "github"
      },
      "original": {
        "owner": "NixOS",
        "ref": "nixos-24.11",
        "repo": "nixpkgs",
        "type": "github"
      }
    },
    "nixpkgs-unstable": {
      "locked": {
        "lastModified": 1731890469,
        "narHash": "sha256-D1FNZ70NmQEwNxpSSdTXCSklBH1z2isPR84J6DQrJGs=",
        "owner": "nixos",
        "repo": "nixpkgs",
        "rev": "5083ec887760adfe12af64830a66807423a859a7",
        "type": "github"
      },
      "original": {
        "owner": "nixos",
        "ref": "nixpkgs-unstable",
        "repo": "nixpkgs",
        "type": "github"
      }
    },
    "nixpkgs_2": {
      "locked": {
        "lastModified": 1741379970,
        "narHash": "sha256-Wh7esNh7G24qYleLvgOSY/7HlDUzWaL/n4qzlBePpiw=",
        "owner": "NixOS",
        "repo": "nixpkgs",
        "rev": "36fd87baa9083f34f7f5027900b62ee6d09b1f2f",
        "type": "github"
      },
      "original": {
        "owner": "NixOS",
        "ref": "nixos-unstable",
        "repo": "nixpkgs",
        "type": "github"
      }
    },
    "nixpkgs_3": {
      "locked": {
        "lastModified": 1762156382,
        "narHash": "sha256-Yg7Ag7ov5+36jEFC1DaZh/12SEXo6OO3/8rqADRxiqs=",
        "owner": "NixOS",
        "repo": "nixpkgs",
        "rev": "7241bcbb4f099a66aafca120d37c65e8dda32717",
        "type": "github"
      },
      "original": {
        "owner": "NixOS",
        "ref": "nixpkgs-unstable",
        "repo": "nixpkgs",
        "type": "github"
      }
    },
    "nixpkgs_4": {
      "locked": {
        "lastModified": 1743827369,
        "narHash": "sha256-rpqepOZ8Eo1zg+KJeWoq1HAOgoMCDloqv5r2EAa9TSA=",
        "owner": "NixOS",
        "repo": "nixpkgs",
        "rev": "42a1c966be226125b48c384171c44c651c236c22",
        "type": "github"
      },
      "original": {
        "owner": "NixOS",
        "ref": "nixos-unstable",
        "repo": "nixpkgs",
        "type": "github"
      }
    },
    "nixpkgs_5": {
      "locked": {
        "lastModified": 1743583204,
        "narHash": "sha256-F7n4+KOIfWrwoQjXrL2wD9RhFYLs2/GGe/MQY1sSdlE=",
        "owner": "NixOS",
        "repo": "nixpkgs",
        "rev": "2c8d3f48d33929642c1c12cd243df4cc7d2ce434",
        "type": "github"
      },
      "original": {
        "owner": "NixOS",
        "ref": "nixos-unstable",
        "repo": "nixpkgs",
        "type": "github"
      }
    },
    "nixpkgs_6": {
      "locked": {
        "lastModified": 1767364772,
        "narHash": "sha256-fFUnEYMla8b7UKjijLnMe+oVFOz6HjijGGNS1l7dYaQ=",
        "owner": "NixOS",
        "repo": "nixpkgs",
        "rev": "16c7794d0a28b5a37904d55bcca36003b9109aaa",
        "type": "github"
      },
      "original": {
        "owner": "NixOS",
        "ref": "nixpkgs-unstable",
        "repo": "nixpkgs",
        "type": "github"
      }
    },
    "nixpkgs_7": {
      "locked": {
        "lastModified": 1767364772,
        "narHash": "sha256-fFUnEYMla8b7UKjijLnMe+oVFOz6HjijGGNS1l7dYaQ=",
        "owner": "NixOS",
        "repo": "nixpkgs",
        "rev": "16c7794d0a28b5a37904d55bcca36003b9109aaa",
        "type": "github"
      },
      "original": {
        "owner": "NixOS",
        "ref": "nixpkgs-unstable",
        "repo": "nixpkgs",
        "type": "github"
      }
    },
    "nixpkgs_8": {
      "locked": {
        "lastModified": 1766840161,
        "narHash": "sha256-Ss/LHpJJsng8vz1Pe33RSGIWUOcqM1fjrehjUkdrWio=",
        "owner": "NixOS",
        "repo": "nixpkgs",
        "rev": "3edc4a30ed3903fdf6f90c837f961fa6b49582d1",
        "type": "github"
      },
      "original": {
        "owner": "NixOS",
        "ref": "nixpkgs-unstable",
        "repo": "nixpkgs",
        "type": "github"
      }
    },
    "nixpkgs_9": {
      "locked": {
        "lastModified": 1765772535,
        "narHash": "sha256-I715zWsdVZ+CipmLtoCAeNG0etQywiWRE5PaWntnaYk=",
        "rev": "09b8fda8959d761445f12b55f380d90375a1d6bb",
        "type": "tarball",
        "url": "https://releases.nixos.org/nixpkgs/nixpkgs-26.05pre911985.09b8fda8959d/nixexprs.tar.xz"
      },
      "original": {
        "type": "tarball",
        "url": "https://channels.nixos.org/nixpkgs-unstable/nixexprs.tar.xz"
      }
    },
    "own": {
      "locked": {
        "lastModified": 1657780518,
        "narHash": "sha256-+IkLq5okBf7by06tI5gOSXwRWoeMudvSPeCS05BJLcE=",
        "owner": "yqrashawn",
        "repo": "nixpkgs",
        "rev": "4db257fb134224952ee7fadaa4e1aa283504be03",
        "type": "github"
      },
      "original": {
        "owner": "yqrashawn",
        "ref": "master",
        "repo": "nixpkgs",
        "type": "github"
      }
    },
    "root": {
      "inputs": {
        "asdf-babashka": "asdf-babashka",
        "asdf-bun": "asdf-bun",
        "asdf-chezscheme": "asdf-chezscheme",
        "asdf-clojure": "asdf-clojure",
        "asdf-crystal": "asdf-crystal",
        "asdf-deno": "asdf-deno",
        "asdf-elixir": "asdf-elixir",
        "asdf-flyctl": "asdf-flyctl",
        "asdf-golang": "asdf-golang",
        "asdf-hashicorp": "asdf-hashicorp",
        "asdf-haskell": "asdf-haskell",
        "asdf-janet": "asdf-janet",
        "asdf-java": "asdf-java",
        "asdf-lua": "asdf-lua",
        "asdf-nim": "asdf-nim",
        "asdf-ninja": "asdf-ninja",
        "asdf-nodejs": "asdf-nodejs",
        "asdf-ocaml": "asdf-ocaml",
        "asdf-pnpm": "asdf-pnpm",
        "asdf-poetry": "asdf-poetry",
        "asdf-python": "asdf-python",
        "asdf-racket": "asdf-racket",
        "asdf-ruby": "asdf-ruby",
        "asdf-sbcl": "asdf-sbcl",
        "asdf-scala": "asdf-scala",
        "asdf-solidity": "asdf-solidity",
        "asdf-trivy": "asdf-trivy",
        "asdf-uv": "asdf-uv",
        "asdf-v": "asdf-v",
        "asdf-yarn": "asdf-yarn",
        "asdf-zig": "asdf-zig",
        "atuin": "atuin",
        "clojure-deps-edn": "clojure-deps-edn",
        "clojure-lsp": "clojure-lsp",
        "comma": "comma",
        "darwin": "darwin",
        "darwin-stable": "darwin-stable",
        "devshell": "devshell_2",
        "emacs-custom-src": "emacs-custom-src",
        "emacs-lsp-booster": "emacs-lsp-booster",
        "emacs-overlay": "emacs-overlay",
        "flake-compat": "flake-compat_2",
        "flake-utils": "flake-utils_3",
        "forgit": "forgit",
        "hexrgb": "hexrgb",
        "home-manager": "home-manager",
        "nix-openclaw": "nix-openclaw",
        "nixos-hardware": "nixos-hardware",
        "nixpkgs": "nixpkgs_7",
        "nixpkgs-master": "nixpkgs-master",
        "nixpkgs-unstable": "nixpkgs-unstable",
        "own": "own",
        "small": "small",
        "sops-nix": "sops-nix",
        "spacehammer": "spacehammer",
        "stable": "stable",
        "tmux-conf": "tmux-conf",
        "zed": "zed",
        "zsh-alias-tips": "zsh-alias-tips",
        "zsh-autoquoter": "zsh-autoquoter"
      }
    },
    "rust-analyzer-src": {
      "flake": false,
      "locked": {
        "lastModified": 1758556272,
        "narHash": "sha256-9amq6LAd0CFF3dLrJUItPiG64MQOG4QPrvjbjpa6NFc=",
        "owner": "rust-lang",
        "repo": "rust-analyzer",
        "rev": "d05355db16dc526bb16bd84769ea840668d7015e",
        "type": "github"
      },
      "original": {
        "owner": "rust-lang",
        "ref": "nightly",
        "repo": "rust-analyzer",
        "type": "github"
      }
    },
    "rust-overlay": {
      "inputs": {
        "nixpkgs": [
          "zed",
          "nixpkgs"
        ]
      },
      "locked": {
        "lastModified": 1765465581,
        "narHash": "sha256-fCXT0aZXmTalM3NPCTedVs9xb0egBG5BOZkcrYo5PGE=",
        "owner": "oxalica",
        "repo": "rust-overlay",
        "rev": "99cc5667eece98bb35dcf35f7e511031a8b7a125",
        "type": "github"
      },
      "original": {
        "owner": "oxalica",
        "repo": "rust-overlay",
        "type": "github"
      }
    },
    "small": {
      "locked": {
        "lastModified": 1767031366,
        "narHash": "sha256-CGXYat7ldAoD3GBZ+ETInHmQUCpHVzYmaQCQ4oKM9Q4=",
        "owner": "nixos",
        "repo": "nixpkgs",
        "rev": "d23fedd87fcd067b1d160323fae0d0e4f995527d",
        "type": "github"
      },
      "original": {
        "owner": "nixos",
        "ref": "nixos-unstable-small",
        "repo": "nixpkgs",
        "type": "github"
      }
    },
    "sops-nix": {
      "inputs": {
        "nixpkgs": "nixpkgs_8"
      },
      "locked": {
        "lastModified": 1766894905,
        "narHash": "sha256-pn8AxxfajqyR/Dmr1wnZYdUXHgM3u6z9x0Z1Ijmz2UQ=",
        "owner": "Mic92",
        "repo": "sops-nix",
        "rev": "61b39c7b657081c2adc91b75dd3ad8a91d6f07a7",
        "type": "github"
      },
      "original": {
        "owner": "Mic92",
        "repo": "sops-nix",
        "type": "github"
      }
    },
    "spacehammer": {
      "flake": false,
      "locked": {
        "lastModified": 1766263927,
        "narHash": "sha256-+Ca49MzWtQIXIQVmBpV/HHGYvqj/wEP/vxVhTovCDPs=",
        "owner": "agzam",
        "repo": "spacehammer",
        "rev": "2a351eac7ca923d3005c5bab2b30c2da681c6d24",
        "type": "github"
      },
      "original": {
        "owner": "agzam",
        "repo": "spacehammer",
        "type": "github"
      }
    },
    "stable": {
      "locked": {
        "lastModified": 1704290814,
        "narHash": "sha256-LWvKHp7kGxk/GEtlrGYV68qIvPHkU9iToomNFGagixU=",
        "owner": "nixos",
        "repo": "nixpkgs",
        "rev": "70bdadeb94ffc8806c0570eb5c2695ad29f0e421",
        "type": "github"
      },
      "original": {
        "owner": "nixos",
        "ref": "nixos-23.05",
        "repo": "nixpkgs",
        "type": "github"
      }
    },
    "systems": {
      "locked": {
        "lastModified": 1681028828,
        "narHash": "sha256-Vy1rq5AaRuLzOxct8nz4T6wlgyUR7zLU309k9mBC768=",
        "owner": "nix-systems",
        "repo": "default",
        "rev": "da67096a3b9bf56a91d16901293e51ba5b49a27e",
        "type": "github"
      },
      "original": {
        "owner": "nix-systems",
        "repo": "default",
        "type": "github"
      }
    },
    "systems_2": {
      "locked": {
        "lastModified": 1681028828,
        "narHash": "sha256-Vy1rq5AaRuLzOxct8nz4T6wlgyUR7zLU309k9mBC768=",
        "owner": "nix-systems",
        "repo": "default",
        "rev": "da67096a3b9bf56a91d16901293e51ba5b49a27e",
        "type": "github"
      },
      "original": {
        "owner": "nix-systems",
        "repo": "default",
        "type": "github"
      }
    },
    "systems_3": {
      "locked": {
        "lastModified": 1681028828,
        "narHash": "sha256-Vy1rq5AaRuLzOxct8nz4T6wlgyUR7zLU309k9mBC768=",
        "owner": "nix-systems",
        "repo": "default",
        "rev": "da67096a3b9bf56a91d16901293e51ba5b49a27e",
        "type": "github"
      },
      "original": {
        "owner": "nix-systems",
        "repo": "default",
        "type": "github"
      }
    },
    "systems_4": {
      "locked": {
        "lastModified": 1681028828,
        "narHash": "sha256-Vy1rq5AaRuLzOxct8nz4T6wlgyUR7zLU309k9mBC768=",
        "owner": "nix-systems",
        "repo": "default",
        "rev": "da67096a3b9bf56a91d16901293e51ba5b49a27e",
        "type": "github"
      },
      "original": {
        "owner": "nix-systems",
        "repo": "default",
        "type": "github"
      }
    },
    "tmux-conf": {
      "flake": false,
      "locked": {
        "lastModified": 1763024552,
        "narHash": "sha256-0suqQJvB7OfUuxw8ruRbBOSjv+hHy2mfwsvJKbg5csQ=",
        "owner": "gpakosz",
        "repo": ".tmux",
        "rev": "5b34d9a873b8bfe608004d59b08e81389ce7b6a9",
        "type": "github"
      },
      "original": {
        "owner": "gpakosz",
        "repo": ".tmux",
        "type": "github"
      }
    },
    "zed": {
      "inputs": {
        "crane": "crane",
        "flake-compat": "flake-compat_3",
        "nixpkgs": "nixpkgs_9",
        "rust-overlay": "rust-overlay"
      },
      "locked": {
        "lastModified": 1767039719,
        "narHash": "sha256-TBWHiwohUx4cVSWRvbY3jNvrYKuXlMAc5K7uD8pUu70=",
        "owner": "zed-industries",
        "repo": "zed",
        "rev": "392b6184bfd9368e3db0faec69735d3955b10cbd",
        "type": "github"
      },
      "original": {
        "owner": "zed-industries",
        "repo": "zed",
        "type": "github"
      }
    },
    "zsh-alias-tips": {
      "flake": false,
      "locked": {
        "lastModified": 1674152807,
        "narHash": "sha256-ZFWrwcwwwSYP5d8k7Lr/hL3WKAZmgn51Q9hYL3bq9vE=",
        "owner": "djui",
        "repo": "alias-tips",
        "rev": "41cb143ccc3b8cc444bf20257276cb43275f65c4",
        "type": "github"
      },
      "original": {
        "owner": "djui",
        "repo": "alias-tips",
        "type": "github"
      }
    },
    "zsh-autoquoter": {
      "flake": false,
      "locked": {
        "lastModified": 1695877068,
        "narHash": "sha256-CdyKIGxOnWGWPeBuNz067zp8/a394H0Ec2h3CA3oIx0=",
        "owner": "ianthehenry",
        "repo": "zsh-autoquoter",
        "rev": "9e3b1b216bf7b61a9807a242bae730b5fc232a44",
        "type": "github"
      },
      "original": {
        "owner": "ianthehenry",
        "repo": "zsh-autoquoter",
        "type": "github"
      }
    }
  },
  "root": "root",
  "version": 7
}
