{
  "nodes": {
    "asdf-babashka": {
      "flake": false,
      "locked": {
        "lastModified": 1702989216,
        "narHash": "sha256-d6IpunujlVP2mvNCpQoziU5VFsDdRmQ/lN8wuAbo4Uc=",
        "owner": "pitch-io",
        "repo": "asdf-babashka",
        "rev": "3c263943d0dc0a7b32cd29461d0ee54ab2e8a64d",
        "type": "github"
      },
      "original": {
        "owner": "pitch-io",
        "repo": "asdf-babashka",
        "type": "github"
      }
    },
    "asdf-bun": {
      "flake": false,
      "locked": {
        "lastModified": 1750146042,
        "narHash": "sha256-ZdNnSq+NSluoGjDwkBnFEcri/Zdx3toXx9LbsN8h428=",
        "owner": "cometkim",
        "repo": "asdf-bun",
        "rev": "804d9603c473ea616fa078f851fa8380246e2c7a",
        "type": "github"
      },
      "original": {
        "owner": "cometkim",
        "repo": "asdf-bun",
        "type": "github"
      }
    },
    "asdf-chezscheme": {
      "flake": false,
      "locked": {
        "lastModified": 1772598288,
        "narHash": "sha256-gx7x8ZrktvsVFglZq2Mfn/MQHQtW/qcuHLAEU1e3Pr8=",
        "owner": "asdf-community",
        "repo": "asdf-chezscheme",
        "rev": "f7d6a0b38405007d4f40e0ccf8860eaf7be09248",
        "type": "github"
      },
      "original": {
        "owner": "asdf-community",
        "repo": "asdf-chezscheme",
        "type": "github"
      }
    },
    "asdf-clojure": {
      "flake": false,
      "locked": {
        "lastModified": 1672073551,
        "narHash": "sha256-79TBKqgSPn9rm1bNFGaFL0Ldo84DEMlgvCHpvApeeTc=",
        "owner": "halcyon",
        "repo": "asdf-clojure",
        "rev": "01fbe947309fd8b976629631d93a34478a25f519",
        "type": "github"
      },
      "original": {
        "owner": "halcyon",
        "repo": "asdf-clojure",
        "type": "github"
      }
    },
    "asdf-crystal": {
      "flake": false,
      "locked": {
        "lastModified": 1726271020,
        "narHash": "sha256-+U8MvFdFV75IOQSrqyIXed13YY9hbHVfL3Hjb3JGgN8=",
        "owner": "asdf-community",
        "repo": "asdf-crystal",
        "rev": "7af37cf7b63ad0c3c176a1e740b2d0919f41f054",
        "type": "github"
      },
      "original": {
        "owner": "asdf-community",
        "repo": "asdf-crystal",
        "type": "github"
      }
    },
    "asdf-deno": {
      "flake": false,
      "locked": {
        "lastModified": 1772598104,
        "narHash": "sha256-T1Az+xb90rzOqgfb/do8eHITE7k/ZhjlPSXaecASSmY=",
        "owner": "asdf-community",
        "repo": "asdf-deno",
        "rev": "5149c4b8d075a9560e911b7449c64f8536736461",
        "type": "github"
      },
      "original": {
        "owner": "asdf-community",
        "repo": "asdf-deno",
        "type": "github"
      }
    },
    "asdf-elixir": {
      "flake": false,
      "locked": {
        "lastModified": 1762389765,
        "narHash": "sha256-zbxZ4vo7YisS/vvQPEWSnjED5SXbRJw6hKZdNz8xsk8=",
        "owner": "asdf-vm",
        "repo": "asdf-elixir",
        "rev": "f4ca7d50973d777240c04d7278c916d93d2a7efe",
        "type": "github"
      },
      "original": {
        "owner": "asdf-vm",
        "repo": "asdf-elixir",
        "type": "github"
      }
    },
    "asdf-flyctl": {
      "flake": false,
      "locked": {
        "lastModified": 1723716226,
        "narHash": "sha256-nvOM1W1Gu7S5DmOijWr9+QkiW8xdQfnmNQUKMdn4cBU=",
        "owner": "chessmango",
        "repo": "asdf-flyctl",
        "rev": "e87344f9b9e574dc8372859dfa098aadd8df81d8",
        "type": "github"
      },
      "original": {
        "owner": "chessmango",
        "repo": "asdf-flyctl",
        "type": "github"
      }
    },
    "asdf-golang": {
      "flake": false,
      "locked": {
        "lastModified": 1772598506,
        "narHash": "sha256-XLMnxSRhwesrGDyHVCRPk/U8I3CpGna9UslMaa10QR0=",
        "owner": "kennyp",
        "repo": "asdf-golang",
        "rev": "a75b761963d8e6eda1a185c73476da8a75b8d300",
        "type": "github"
      },
      "original": {
        "owner": "kennyp",
        "repo": "asdf-golang",
        "type": "github"
      }
    },
    "asdf-hashicorp": {
      "flake": false,
      "locked": {
        "lastModified": 1761274550,
        "narHash": "sha256-RxySRd1fF+OVm7xP2FBXDYPd+QdrzWRg25JOuKfcmu4=",
        "owner": "asdf-community",
        "repo": "asdf-hashicorp",
        "rev": "d2557f97752761eecb50f63cd31b64c236d23089",
        "type": "github"
      },
      "original": {
        "owner": "asdf-community",
        "repo": "asdf-hashicorp",
        "type": "github"
      }
    },
    "asdf-haskell": {
      "flake": false,
      "locked": {
        "lastModified": 1742003531,
        "narHash": "sha256-fz5qgvmML3St5MaPGL4qMEhUxTF7Y647nDK0h6f0EbA=",
        "owner": "asdf-community",
        "repo": "asdf-haskell",
        "rev": "cabd4cd8ad99b717dacce8f26c8cc7de3546b373",
        "type": "github"
      },
      "original": {
        "owner": "asdf-community",
        "repo": "asdf-haskell",
        "type": "github"
      }
    },
    "asdf-janet": {
      "flake": false,
      "locked": {
        "lastModified": 1704963132,
        "narHash": "sha256-HSRfi6him0jQ1rSxpLPfsrzD8KPgMwyJP38bxI+0MDA=",
        "owner": "Jakski",
        "repo": "asdf-janet",
        "rev": "82f13cf6dda5c6f55db9c2f6d17709e99637db6a",
        "type": "github"
      },
      "original": {
        "owner": "Jakski",
        "repo": "asdf-janet",
        "type": "github"
      }
    },
    "asdf-java": {
      "flake": false,
      "locked": {
        "lastModified": 1773285316,
        "narHash": "sha256-q0hi2Ro0KiM2tZ0taoz19QPCd1GOMDb1vKb04coy0Pc=",
        "owner": "halcyon",
        "repo": "asdf-java",
        "rev": "251fd82f4c60fbab58b1835dcd64f3f8da1c9799",
        "type": "github"
      },
      "original": {
        "owner": "halcyon",
        "repo": "asdf-java",
        "type": "github"
      }
    },
    "asdf-lua": {
      "flake": false,
      "locked": {
        "lastModified": 1768612147,
        "narHash": "sha256-ZnU/O8r2TQBcj6bjfS2u3uiNLFn71Iyv0IDUTa+vh+c=",
        "owner": "Stratus3D",
        "repo": "asdf-lua",
        "rev": "14a0c4d5a522d98d17ba3445ab5b21fbfd8bf615",
        "type": "github"
      },
      "original": {
        "owner": "Stratus3D",
        "repo": "asdf-lua",
        "type": "github"
      }
    },
    "asdf-nim": {
      "flake": false,
      "locked": {
        "lastModified": 1772597980,
        "narHash": "sha256-zw5ujLDkAnONkLoZahzeQRArceGvRDa3U0eHo2P0Pdc=",
        "owner": "asdf-community",
        "repo": "asdf-nim",
        "rev": "a3d1bf02e77ce3a199bf346da2d0f1bc27be1e40",
        "type": "github"
      },
      "original": {
        "owner": "asdf-community",
        "repo": "asdf-nim",
        "type": "github"
      }
    },
    "asdf-ninja": {
      "flake": false,
      "locked": {
        "lastModified": 1742003485,
        "narHash": "sha256-oE5uY8728Q1qu1m0iFzoQ587NtE+upkRIlf8BvEsPIc=",
        "owner": "asdf-community",
        "repo": "asdf-ninja",
        "rev": "57fa521ace8955652a5c84d534bbbf49aee6b507",
        "type": "github"
      },
      "original": {
        "owner": "asdf-community",
        "repo": "asdf-ninja",
        "type": "github"
      }
    },
    "asdf-nodejs": {
      "flake": false,
      "locked": {
        "lastModified": 1771940719,
        "narHash": "sha256-0zesVEQJ1s/NV/19TyMu2mKbSUg21GfsL6PXzGrz7xE=",
        "owner": "asdf-vm",
        "repo": "asdf-nodejs",
        "rev": "779c8dc84b3bdab38c2c80622d315c2c3267f74b",
        "type": "github"
      },
      "original": {
        "owner": "asdf-vm",
        "repo": "asdf-nodejs",
        "type": "github"
      }
    },
    "asdf-ocaml": {
      "flake": false,
      "locked": {
        "lastModified": 1772598688,
        "narHash": "sha256-UDsxInCForVQ9MnFhsUqLujVpI7kdGtE9zjyj0Os4n0=",
        "owner": "asdf-community",
        "repo": "asdf-ocaml",
        "rev": "13053b3f49abe67646b674e603baf32eae4cffab",
        "type": "github"
      },
      "original": {
        "owner": "asdf-community",
        "repo": "asdf-ocaml",
        "type": "github"
      }
    },
    "asdf-pnpm": {
      "flake": false,
      "locked": {
        "lastModified": 1773019955,
        "narHash": "sha256-ZB9ndNzSVMiLgU0CxerT19yxiyTFFNSOMUUuGcBLrBo=",
        "owner": "jonathanmorley",
        "repo": "asdf-pnpm",
        "rev": "741219da5cab66529afe28a60454e15a6870ea4d",
        "type": "github"
      },
      "original": {
        "owner": "jonathanmorley",
        "repo": "asdf-pnpm",
        "type": "github"
      }
    },
    "asdf-poetry": {
      "flake": false,
      "locked": {
        "lastModified": 1772598455,
        "narHash": "sha256-10kVxttbdPjuWI3Y4dsRq+6EExWTguKewhVZPGltQf0=",
        "owner": "asdf-community",
        "repo": "asdf-poetry",
        "rev": "c9ad9ce366284dccc444052ab8385dbdd6e7fec4",
        "type": "github"
      },
      "original": {
        "owner": "asdf-community",
        "repo": "asdf-poetry",
        "type": "github"
      }
    },
    "asdf-python": {
      "flake": false,
      "locked": {
        "lastModified": 1772717631,
        "narHash": "sha256-zZBzT+JSp8NmdehrB0wZC5vL8cV0hnD0Cnc1Ds9YHhc=",
        "owner": "danhper",
        "repo": "asdf-python",
        "rev": "abc2a03863e4d569b4f9de0d0efc1a88d96c2c12",
        "type": "github"
      },
      "original": {
        "owner": "danhper",
        "repo": "asdf-python",
        "type": "github"
      }
    },
    "asdf-racket": {
      "flake": false,
      "locked": {
        "lastModified": 1736013689,
        "narHash": "sha256-kHwmdtH/ZOnI4CRQCtn1PnesCgrRdDoUfiLLbkuuN5w=",
        "owner": "asdf-community",
        "repo": "asdf-racket",
        "rev": "f7451d0932ef3baba5dc03301898a8956f64db71",
        "type": "github"
      },
      "original": {
        "owner": "asdf-community",
        "repo": "asdf-racket",
        "type": "github"
      }
    },
    "asdf-ruby": {
      "flake": false,
      "locked": {
        "lastModified": 1772314366,
        "narHash": "sha256-dnKcIeKUjE8LPjscTAX6LQ524VchuCevfP8QiO5AjB8=",
        "owner": "asdf-vm",
        "repo": "asdf-ruby",
        "rev": "384566bd808f0ce0e6fbd8e25861a211d0c8766b",
        "type": "github"
      },
      "original": {
        "owner": "asdf-vm",
        "repo": "asdf-ruby",
        "type": "github"
      }
    },
    "asdf-sbcl": {
      "flake": false,
      "locked": {
        "lastModified": 1729868868,
        "narHash": "sha256-lNsCioJVPu4q3k+/bN5GDePDAVlpO/LX2Wj8op+f0bM=",
        "owner": "smashedtoatoms",
        "repo": "asdf-sbcl",
        "rev": "55d457f8246afc008f95bc08ce4e704b8f20571d",
        "type": "github"
      },
      "original": {
        "owner": "smashedtoatoms",
        "repo": "asdf-sbcl",
        "type": "github"
      }
    },
    "asdf-scala": {
      "flake": false,
      "locked": {
        "lastModified": 1755176237,
        "narHash": "sha256-FZv668CCKWyagcOWdIcosCy0GvDUk58OAIX16hTZ/P0=",
        "owner": "asdf-community",
        "repo": "asdf-scala",
        "rev": "53061f50fd0684edf31bf5fb0fe60b0a0821282b",
        "type": "github"
      },
      "original": {
        "owner": "asdf-community",
        "repo": "asdf-scala",
        "type": "github"
      }
    },
    "asdf-solidity": {
      "flake": false,
      "locked": {
        "lastModified": 1618751269,
        "narHash": "sha256-lDDLafT+p6iSu/b598jNRUBOHuA98f975FeySD5GGHs=",
        "owner": "diegodorado",
        "repo": "asdf-solidity",
        "rev": "cde20cacaec6cd32fc2da88ec3a745d069074fff",
        "type": "github"
      },
      "original": {
        "owner": "diegodorado",
        "repo": "asdf-solidity",
        "type": "github"
      }
    },
    "asdf-trivy": {
      "flake": false,
      "locked": {
        "lastModified": 1738385037,
        "narHash": "sha256-wBkpeq13Kn+GrBW3cpfUQRBb1TkgdjndAaXV1pPRYnI=",
        "owner": "zufardhiyaulhaq",
        "repo": "asdf-trivy",
        "rev": "b5c7961a1d38b6a1b7291cd90af8ccc03b23e319",
        "type": "github"
      },
      "original": {
        "owner": "zufardhiyaulhaq",
        "repo": "asdf-trivy",
        "type": "github"
      }
    },
    "asdf-uv": {
      "flake": false,
      "locked": {
        "lastModified": 1760090689,
        "narHash": "sha256-7pA1TD4ompxRw8hEZz9qPtjTWKP8sv1TG96h2wwBNWo=",
        "owner": "asdf-community",
        "repo": "asdf-uv",
        "rev": "1d44a50b8006921f3cb55b4e4d14b1d90472b201",
        "type": "github"
      },
      "original": {
        "owner": "asdf-community",
        "repo": "asdf-uv",
        "type": "github"
      }
    },
    "asdf-v": {
      "flake": false,
      "locked": {
        "lastModified": 1580113338,
        "narHash": "sha256-tevJMZENpzJQNdr1HxYz+1BVuz7Jk/0I1S+VHnD1ghQ=",
        "owner": "ndac-todoroki",
        "repo": "asdf-v",
        "rev": "92fc3860600cc18d7ac00cab8777bcc452bb591f",
        "type": "github"
      },
      "original": {
        "owner": "ndac-todoroki",
        "repo": "asdf-v",
        "type": "github"
      }
    },
    "asdf-yarn": {
      "flake": false,
      "locked": {
        "lastModified": 1611438553,
        "narHash": "sha256-ILLi5yzSYcpDidq1b6LE2M2yga8jB+R4kJ759eo26PY=",
        "owner": "twuni",
        "repo": "asdf-yarn",
        "rev": "376c5407ef22c82fa56e4bd9f6a9108354063acb",
        "type": "github"
      },
      "original": {
        "owner": "twuni",
        "repo": "asdf-yarn",
        "type": "github"
      }
    },
    "asdf-zig": {
      "flake": false,
      "locked": {
        "lastModified": 1760283206,
        "narHash": "sha256-zTkgAe2pc6ccPja1xN1cKBMT2iCp1kjH4eRGZrqpCSc=",
        "owner": "cheetah",
        "repo": "asdf-zig",
        "rev": "61d19e7ca2d4bb7412271634936422690f59468b",
        "type": "github"
      },
      "original": {
        "owner": "cheetah",
        "repo": "asdf-zig",
        "type": "github"
      }
    },
    "atuin": {
      "inputs": {
        "fenix": "fenix",
        "flake-compat": "flake-compat",
        "flake-utils": "flake-utils",
        "nixpkgs": "nixpkgs"
      },
      "locked": {
        "lastModified": 1761082669,
        "narHash": "sha256-bfSa3RtVXxHt3usDqqpE/oXKKDUZOrf+tD9uL59fr6M=",
        "owner": "atuinsh",
        "repo": "atuin",
        "rev": "37e257105ab801b49fd07a927d707a36a2e771a1",
        "type": "github"
      },
      "original": {
        "owner": "atuinsh",
        "ref": "v18.10.0",
        "repo": "atuin",
        "type": "github"
      }
    },
    "clj-nix": {
      "inputs": {
        "devshell": "devshell",
        "nix-fetcher-data": "nix-fetcher-data",
        "nixpkgs": [
          "clojure-lsp",
          "nixpkgs"
        ]
      },
      "locked": {
        "lastModified": 1738969798,
        "narHash": "sha256-yHUAph4easuun343wEEJXC4qsftl9vRy+CqLkORkeKI=",
        "owner": "jlesquembre",
        "repo": "clj-nix",
        "rev": "7b314a06743ef400beb921d3559482741d19bf3f",
        "type": "github"
      },
      "original": {
        "owner": "jlesquembre",
        "repo": "clj-nix",
        "type": "github"
      }
    },
    "clojure-deps-edn": {
      "flake": false,
      "locked": {
        "lastModified": 1770301501,
        "narHash": "sha256-wgZ7Rm1lP4imq0sSw0wjGnHJWcT1+y+SLtn52Jd+SBU=",
        "owner": "practicalli",
        "repo": "clojure-deps-edn",
        "rev": "4ebd243ac091fc6fd408c72d78bf5bbd5a48b2d8",
        "type": "github"
      },
      "original": {
        "owner": "practicalli",
        "repo": "clojure-deps-edn",
        "type": "github"
      }
    },
    "clojure-lsp": {
      "inputs": {
        "clj-nix": "clj-nix",
        "flake-utils": "flake-utils_2",
        "nixpkgs": "nixpkgs_2"
      },
      "locked": {
        "lastModified": 1773060791,
        "narHash": "sha256-7oq5CmLym00RktjNnXxdF5Wl2P6CC664o0JmZ92gPM4=",
        "owner": "clojure-lsp",
        "repo": "clojure-lsp",
        "rev": "a6584359bcf11a9039a621dd57167030eb5bd95e",
        "type": "github"
      },
      "original": {
        "owner": "clojure-lsp",
        "repo": "clojure-lsp",
        "type": "github"
      }
    },
    "comma": {
      "flake": false,
      "locked": {
        "lastModified": 1770939466,
        "narHash": "sha256-bsRifAhpTYne/y5WKXND63ngtzEns1clnfjMpg6qIj0=",
        "owner": "nix-community",
        "repo": "comma",
        "rev": "7dc70f2abac10664bc0ac2be8932cabf0eae81a9",
        "type": "github"
      },
      "original": {
        "owner": "nix-community",
        "repo": "comma",
        "type": "github"
      }
    },
    "crane": {
      "locked": {
        "lastModified": 1769737823,
        "narHash": "sha256-DrBaNpZ+sJ4stXm+0nBX7zqZT9t9P22zbk6m5YhQxS4=",
        "owner": "ipetkov",
        "repo": "crane",
        "rev": "b2f45c3830aa96b7456a4c4bc327d04d7a43e1ba",
        "type": "github"
      },
      "original": {
        "owner": "ipetkov",
        "repo": "crane",
        "type": "github"
      }
    },
    "darwin": {
      "inputs": {
        "nixpkgs": [
          "nixpkgs"
        ]
      },
      "locked": {
        "lastModified": 1773000227,
        "narHash": "sha256-zm3ftUQw0MPumYi91HovoGhgyZBlM4o3Zy0LhPNwzXE=",
        "owner": "nix-darwin",
        "repo": "nix-darwin",
        "rev": "da529ac9e46f25ed5616fd634079a5f3c579135f",
        "type": "github"
      },
      "original": {
        "owner": "nix-darwin",
        "ref": "master",
        "repo": "nix-darwin",
        "type": "github"
      }
    },
    "darwin-stable": {
      "locked": {
        "lastModified": 1768649915,
        "narHash": "sha256-jc21hKogFnxU7KXSVTRmxC7u5D4RHwm9BAvDf5/Z1Uo=",
        "owner": "nixos",
        "repo": "nixpkgs",
        "rev": "3e3f3c7f9977dc123c23ee21e8085ed63daf8c37",
        "type": "github"
      },
      "original": {
        "owner": "nixos",
        "ref": "nixpkgs-25.05-darwin",
        "repo": "nixpkgs",
        "type": "github"
      }
    },
    "devshell": {
      "inputs": {
        "nixpkgs": [
          "clojure-lsp",
          "clj-nix",
          "nixpkgs"
        ]
      },
      "locked": {
        "lastModified": 1728330715,
        "narHash": "sha256-xRJ2nPOXb//u1jaBnDP56M7v5ldavjbtR6lfGqSvcKg=",
        "owner": "numtide",
        "repo": "devshell",
        "rev": "dd6b80932022cea34a019e2bb32f6fa9e494dfef",
        "type": "github"
      },
      "original": {
        "owner": "numtide",
        "repo": "devshell",
        "type": "github"
      }
    },
    "devshell_2": {
      "inputs": {
        "nixpkgs": "nixpkgs_3"
      },
      "locked": {
        "lastModified": 1768818222,
        "narHash": "sha256-460jc0+CZfyaO8+w8JNtlClB2n4ui1RbHfPTLkpwhU8=",
        "owner": "numtide",
        "repo": "devshell",
        "rev": "255a2b1725a20d060f566e4755dbf571bbbb5f76",
        "type": "github"
      },
      "original": {
        "owner": "numtide",
        "repo": "devshell",
        "type": "github"
      }
    },
    "emacs-custom-src": {
      "flake": false,
      "locked": {
        "lastModified": 1755162243,
        "narHash": "sha256-3Lfb3HqdlXqSnwJfxe7npa4GGR9djldy8bKRpkQCdSA=",
        "owner": "emacs-mirror",
        "repo": "emacs",
        "rev": "636f166cfc86aa90d63f592fd99f3fdd9ef95ebd",
        "type": "github"
      },
      "original": {
        "owner": "emacs-mirror",
        "ref": "emacs-30.2",
        "repo": "emacs",
        "type": "github"
      }
    },
    "emacs-lsp-booster": {
      "inputs": {
        "nixpkgs": "nixpkgs_4"
      },
      "locked": {
        "lastModified": 1744007427,
        "narHash": "sha256-eccCwW7GQVSk/WOCxt5izY5VdVknheI3oAXa0Xg9k9U=",
        "owner": "slotThe",
        "repo": "emacs-lsp-booster-flake",
        "rev": "8229947cf6d2f565a9aa882b7946c643099e1ef0",
        "type": "github"
      },
      "original": {
        "owner": "slotThe",
        "repo": "emacs-lsp-booster-flake",
        "type": "github"
      }
    },
    "emacs-overlay": {
      "inputs": {
        "nixpkgs": "nixpkgs_5",
        "nixpkgs-stable": "nixpkgs-stable"
      },
      "locked": {
        "lastModified": 1743819438,
        "narHash": "sha256-U7Ujvyq3UQRAmyQw1ZWmxVQ9YB8HarabGXR6FMYQcxo=",
        "owner": "nix-community",
        "repo": "emacs-overlay",
        "rev": "c26fc03462cd33ad9e58f54a8f4e24c322243400",
        "type": "github"
      },
      "original": {
        "owner": "nix-community",
        "repo": "emacs-overlay",
        "type": "github"
      }
    },
    "fenix": {
      "inputs": {
        "nixpkgs": [
          "atuin",
          "nixpkgs"
        ],
        "rust-analyzer-src": "rust-analyzer-src"
      },
      "locked": {
        "lastModified": 1758609765,
        "narHash": "sha256-VIYu7R9Yc/CItjmzLSm21Lr9DgpEsKL5H+JUu8KDTn4=",
        "owner": "nix-community",
        "repo": "fenix",
        "rev": "05545a7f3cd5cd5628b195520758e56e6734b90a",
        "type": "github"
      },
      "original": {
        "owner": "nix-community",
        "repo": "fenix",
        "type": "github"
      }
    },
    "flake-compat": {
      "flake": false,
      "locked": {
        "lastModified": 1747046372,
        "narHash": "sha256-CIVLLkVgvHYbgI2UpXvIIBJ12HWgX+fjA8Xf8PUmqCY=",
        "owner": "edolstra",
        "repo": "flake-compat",
        "rev": "9100a0f413b0c601e0533d1d94ffd501ce2e7885",
        "type": "github"
      },
      "original": {
        "owner": "edolstra",
        "repo": "flake-compat",
        "type": "github"
      }
    },
    "flake-compat_2": {
      "flake": false,
      "locked": {
        "lastModified": 1767039857,
        "narHash": "sha256-vNpUSpF5Nuw8xvDLj2KCwwksIbjua2LZCqhV1LNRDns=",
        "owner": "edolstra",
        "repo": "flake-compat",
        "rev": "5edf11c44bc78a0d334f6334cdaf7d60d732daab",
        "type": "github"
      },
      "original": {
        "owner": "edolstra",
        "repo": "flake-compat",
        "type": "github"
      }
    },
    "flake-parts": {
      "inputs": {
        "nixpkgs-lib": "nixpkgs-lib"
      },
      "locked": {
        "lastModified": 1719745305,
        "narHash": "sha256-xwgjVUpqSviudEkpQnioeez1Uo2wzrsMaJKJClh+Bls=",
        "owner": "hercules-ci",
        "repo": "flake-parts",
        "rev": "c3c5ecc05edc7dafba779c6c1a61cd08ac6583e9",
        "type": "github"
      },
      "original": {
        "owner": "hercules-ci",
        "repo": "flake-parts",
        "type": "github"
      }
    },
    "flake-parts_2": {
      "inputs": {
        "nixpkgs-lib": "nixpkgs-lib_2"
      },
      "locked": {
        "lastModified": 1769996383,
        "narHash": "sha256-AnYjnFWgS49RlqX7LrC4uA+sCCDBj0Ry/WOJ5XWAsa0=",
        "owner": "hercules-ci",
        "repo": "flake-parts",
        "rev": "57928607ea566b5db3ad13af0e57e921e6b12381",
        "type": "github"
      },
      "original": {
        "owner": "hercules-ci",
        "repo": "flake-parts",
        "type": "github"
      }
    },
    "flake-utils": {
      "inputs": {
        "systems": "systems"
      },
      "locked": {
        "lastModified": 1731533236,
        "narHash": "sha256-l0KFg5HjrsfsO/JpG+r7fRrqm12kzFHyUHqHCVpMMbI=",
        "owner": "numtide",
        "repo": "flake-utils",
        "rev": "11707dc2f618dd54ca8739b309ec4fc024de578b",
        "type": "github"
      },
      "original": {
        "owner": "numtide",
        "repo": "flake-utils",
        "type": "github"
      }
    },
    "flake-utils_2": {
      "inputs": {
        "systems": "systems_2"
      },
      "locked": {
        "lastModified": 1731533236,
        "narHash": "sha256-l0KFg5HjrsfsO/JpG+r7fRrqm12kzFHyUHqHCVpMMbI=",
        "owner": "numtide",
        "repo": "flake-utils",
        "rev": "11707dc2f618dd54ca8739b309ec4fc024de578b",
        "type": "github"
      },
      "original": {
        "owner": "numtide",
        "repo": "flake-utils",
        "type": "github"
      }
    },
    "flake-utils_3": {
      "inputs": {
        "systems": "systems_3"
      },
      "locked": {
        "lastModified": 1731533236,
        "narHash": "sha256-l0KFg5HjrsfsO/JpG+r7fRrqm12kzFHyUHqHCVpMMbI=",
        "owner": "numtide",
        "repo": "flake-utils",
        "rev": "11707dc2f618dd54ca8739b309ec4fc024de578b",
        "type": "github"
      },
      "original": {
        "owner": "numtide",
        "repo": "flake-utils",
        "type": "github"
      }
    },
    "flake-utils_4": {
      "inputs": {
        "systems": "systems_4"
      },
      "locked": {
        "lastModified": 1731533236,
        "narHash": "sha256-l0KFg5HjrsfsO/JpG+r7fRrqm12kzFHyUHqHCVpMMbI=",
        "owner": "numtide",
        "repo": "flake-utils",
        "rev": "11707dc2f618dd54ca8739b309ec4fc024de578b",
        "type": "github"
      },
      "original": {
        "owner": "numtide",
        "repo": "flake-utils",
        "type": "github"
      }
    },
    "forgit": {
      "flake": false,
      "locked": {
        "lastModified": 1773281254,
        "narHash": "sha256-LaBKXyIUcdZLHxPvciowdlmNtjnb1H4X9eAlw0J3Z1o=",
        "owner": "wfxr",
        "repo": "forgit",
        "rev": "7f9ea3a4b13bcbb43e261f0d016c207a16b54871",
        "type": "github"
      },
      "original": {
        "owner": "wfxr",
        "repo": "forgit",
        "type": "github"
      }
    },
    "gws": {
      "inputs": {
        "flake-utils": "flake-utils_4",
        "nixpkgs": [
          "nixpkgs"
        ]
      },
      "locked": {
        "lastModified": 1773179591,
        "narHash": "sha256-yF9IhsfMZHBTomn8xIVpBhIrqiF775Ad/R8rLEnNpNc=",
        "owner": "googleworkspace",
        "repo": "cli",
        "rev": "7e22a3d0e31e41b70bbfcb53317a62730a3284bb",
        "type": "github"
      },
      "original": {
        "owner": "googleworkspace",
        "repo": "cli",
        "type": "github"
      }
    },
    "hexrgb": {
      "flake": false,
      "locked": {
        "lastModified": 1514842371,
        "narHash": "sha256-PxwRIuiX0gzm9pZMUcFIbr8Oe/7lylKzk0KW+jM0tHg=",
        "owner": "emacsmirror",
        "repo": "hexrgb",
        "rev": "90e5f07f14bdb9966648977965094c75072691d4",
        "type": "github"
      },
      "original": {
        "owner": "emacsmirror",
        "repo": "hexrgb",
        "type": "github"
      }
    },
    "home-manager": {
      "inputs": {
        "nixpkgs": [
          "nixpkgs"
        ]
      },
      "locked": {
        "lastModified": 1773286336,
        "narHash": "sha256-+yFtmhOHterllxWmV6YbdevTXpJdGS0mS0UmJ0k9fh0=",
        "owner": "nix-community",
        "repo": "home-manager",
        "rev": "7d06e0cefe6e4a1e85b2b3274dcb0b3da242a557",
        "type": "github"
      },
      "original": {
        "owner": "nix-community",
        "ref": "master",
        "repo": "home-manager",
        "type": "github"
      }
    },
    "nix-fetcher-data": {
      "inputs": {
        "flake-parts": "flake-parts",
        "nixpkgs": [
          "clojure-lsp",
          "clj-nix",
          "nixpkgs"
        ]
      },
      "locked": {
        "lastModified": 1728229178,
        "narHash": "sha256-p5Fx880uBYstIsbaDYN7sECJT11oHxZQKtHgMAVblWA=",
        "owner": "jlesquembre",
        "repo": "nix-fetcher-data",
        "rev": "f3a73c34d28db49ef90fd7872a142bfe93120e55",
        "type": "github"
      },
      "original": {
        "owner": "jlesquembre",
        "repo": "nix-fetcher-data",
        "type": "github"
      }
    },
    "nixos-hardware": {
      "locked": {
        "lastModified": 1772972630,
        "narHash": "sha256-mUJxsNOrBMNOUJzN0pfdVJ1r2pxeqm9gI/yIKXzVVbk=",
        "owner": "nixos",
        "repo": "nixos-hardware",
        "rev": "3966ce987e1a9a164205ac8259a5fe8a64528f72",
        "type": "github"
      },
      "original": {
        "owner": "nixos",
        "repo": "nixos-hardware",
        "type": "github"
      }
    },
    "nixpkgs": {
      "locked": {
        "lastModified": 1758446476,
        "narHash": "sha256-5rdAi7CTvM/kSs6fHe1bREIva5W3TbImsto+dxG4mBo=",
        "owner": "NixOS",
        "repo": "nixpkgs",
        "rev": "a1f79a1770d05af18111fbbe2a3ab2c42c0f6cd0",
        "type": "github"
      },
      "original": {
        "owner": "NixOS",
        "ref": "nixpkgs-unstable",
        "repo": "nixpkgs",
        "type": "github"
      }
    },
    "nixpkgs-lib": {
      "locked": {
        "lastModified": 1717284937,
        "narHash": "sha256-lIbdfCsf8LMFloheeE6N31+BMIeixqyQWbSr2vk79EQ=",
        "type": "tarball",
        "url": "https://github.com/NixOS/nixpkgs/archive/eb9ceca17df2ea50a250b6b27f7bf6ab0186f198.tar.gz"
      },
      "original": {
        "type": "tarball",
        "url": "https://github.com/NixOS/nixpkgs/archive/eb9ceca17df2ea50a250b6b27f7bf6ab0186f198.tar.gz"
      }
    },
    "nixpkgs-lib_2": {
      "locked": {
        "lastModified": 1769909678,
        "narHash": "sha256-cBEymOf4/o3FD5AZnzC3J9hLbiZ+QDT/KDuyHXVJOpM=",
        "owner": "nix-community",
        "repo": "nixpkgs.lib",
        "rev": "72716169fe93074c333e8d0173151350670b824c",
        "type": "github"
      },
      "original": {
        "owner": "nix-community",
        "repo": "nixpkgs.lib",
        "type": "github"
      }
    },
    "nixpkgs-master": {
      "locked": {
        "lastModified": 1773286120,
        "narHash": "sha256-ma0uNudp81l/4otx1lnGr17CjyMyey4ALxJNQQFcv+w=",
        "owner": "nixos",
        "repo": "nixpkgs",
        "rev": "75f082f9c20742e4be8bb92c37e5f0f343aab1a5",
        "type": "github"
      },
      "original": {
        "owner": "nixos",
        "ref": "master",
        "repo": "nixpkgs",
        "type": "github"
      }
    },
    "nixpkgs-stable": {
      "locked": {
        "lastModified": 1743703532,
        "narHash": "sha256-s1KLDALEeqy+ttrvqV3jx9mBZEvmthQErTVOAzbjHZs=",
        "owner": "NixOS",
        "repo": "nixpkgs",
        "rev": "bdb91860de2f719b57eef819b5617762f7120c70",
        "type": "github"
      },
      "original": {
        "owner": "NixOS",
        "ref": "nixos-24.11",
        "repo": "nixpkgs",
        "type": "github"
      }
    },
    "nixpkgs-unstable": {
      "locked": {
        "lastModified": 1731890469,
        "narHash": "sha256-D1FNZ70NmQEwNxpSSdTXCSklBH1z2isPR84J6DQrJGs=",
        "owner": "nixos",
        "repo": "nixpkgs",
        "rev": "5083ec887760adfe12af64830a66807423a859a7",
        "type": "github"
      },
      "original": {
        "owner": "nixos",
        "ref": "nixpkgs-unstable",
        "repo": "nixpkgs",
        "type": "github"
      }
    },
    "nixpkgs_2": {
      "locked": {
        "lastModified": 1741379970,
        "narHash": "sha256-Wh7esNh7G24qYleLvgOSY/7HlDUzWaL/n4qzlBePpiw=",
        "owner": "NixOS",
        "repo": "nixpkgs",
        "rev": "36fd87baa9083f34f7f5027900b62ee6d09b1f2f",
        "type": "github"
      },
      "original": {
        "owner": "NixOS",
        "ref": "nixos-unstable",
        "repo": "nixpkgs",
        "type": "github"
      }
    },
    "nixpkgs_3": {
      "locked": {
        "lastModified": 1762156382,
        "narHash": "sha256-Yg7Ag7ov5+36jEFC1DaZh/12SEXo6OO3/8rqADRxiqs=",
        "owner": "NixOS",
        "repo": "nixpkgs",
        "rev": "7241bcbb4f099a66aafca120d37c65e8dda32717",
        "type": "github"
      },
      "original": {
        "owner": "NixOS",
        "ref": "nixpkgs-unstable",
        "repo": "nixpkgs",
        "type": "github"
      }
    },
    "nixpkgs_4": {
      "locked": {
        "lastModified": 1743827369,
        "narHash": "sha256-rpqepOZ8Eo1zg+KJeWoq1HAOgoMCDloqv5r2EAa9TSA=",
        "owner": "NixOS",
        "repo": "nixpkgs",
        "rev": "42a1c966be226125b48c384171c44c651c236c22",
        "type": "github"
      },
      "original": {
        "owner": "NixOS",
        "ref": "nixos-unstable",
        "repo": "nixpkgs",
        "type": "github"
      }
    },
    "nixpkgs_5": {
      "locked": {
        "lastModified": 1743583204,
        "narHash": "sha256-F7n4+KOIfWrwoQjXrL2wD9RhFYLs2/GGe/MQY1sSdlE=",
        "owner": "NixOS",
        "repo": "nixpkgs",
        "rev": "2c8d3f48d33929642c1c12cd243df4cc7d2ce434",
        "type": "github"
      },
      "original": {
        "owner": "NixOS",
        "ref": "nixos-unstable",
        "repo": "nixpkgs",
        "type": "github"
      }
    },
    "nixpkgs_6": {
      "locked": {
        "lastModified": 1767364772,
        "narHash": "sha256-fFUnEYMla8b7UKjijLnMe+oVFOz6HjijGGNS1l7dYaQ=",
        "owner": "NixOS",
        "repo": "nixpkgs",
        "rev": "16c7794d0a28b5a37904d55bcca36003b9109aaa",
        "type": "github"
      },
      "original": {
        "owner": "NixOS",
        "ref": "nixpkgs-unstable",
        "repo": "nixpkgs",
        "type": "github"
      }
    },
    "nixpkgs_7": {
      "locked": {
        "lastModified": 1772736753,
        "narHash": "sha256-au/m3+EuBLoSzWUCb64a/MZq6QUtOV8oC0D9tY2scPQ=",
        "owner": "NixOS",
        "repo": "nixpkgs",
        "rev": "917fec990948658ef1ccd07cef2a1ef060786846",
        "type": "github"
      },
      "original": {
        "owner": "NixOS",
        "ref": "nixpkgs-unstable",
        "repo": "nixpkgs",
        "type": "github"
      }
    },
    "nixpkgs_8": {
      "locked": {
        "lastModified": 1769789167,
        "narHash": "sha256-kKB3bqYJU5nzYeIROI82Ef9VtTbu4uA3YydSk/Bioa8=",
        "owner": "NixOS",
        "repo": "nixpkgs",
        "rev": "62c8382960464ceb98ea593cb8321a2cf8f9e3e5",
        "type": "github"
      },
      "original": {
        "owner": "NixOS",
        "ref": "nixos-unstable",
        "repo": "nixpkgs",
        "type": "github"
      }
    },
    "own": {
      "locked": {
        "lastModified": 1657780518,
        "narHash": "sha256-+IkLq5okBf7by06tI5gOSXwRWoeMudvSPeCS05BJLcE=",
        "owner": "yqrashawn",
        "repo": "nixpkgs",
        "rev": "4db257fb134224952ee7fadaa4e1aa283504be03",
        "type": "github"
      },
      "original": {
        "owner": "yqrashawn",
        "ref": "master",
        "repo": "nixpkgs",
        "type": "github"
      }
    },
    "paradedb-src": {
      "flake": false,
      "locked": {
        "lastModified": 1772220384,
        "narHash": "sha256-mHCicifo3uZHcU85sZGd/SY5uBKMAcqPPvcHVc3NV+Q=",
        "owner": "paradedb",
        "repo": "paradedb",
        "rev": "c81c4e6ee98479394efcf7d2a446cb9e433c080b",
        "type": "github"
      },
      "original": {
        "owner": "paradedb",
        "ref": "v0.21.10",
        "repo": "paradedb",
        "type": "github"
      }
    },
    "root": {
      "inputs": {
        "asdf-babashka": "asdf-babashka",
        "asdf-bun": "asdf-bun",
        "asdf-chezscheme": "asdf-chezscheme",
        "asdf-clojure": "asdf-clojure",
        "asdf-crystal": "asdf-crystal",
        "asdf-deno": "asdf-deno",
        "asdf-elixir": "asdf-elixir",
        "asdf-flyctl": "asdf-flyctl",
        "asdf-golang": "asdf-golang",
        "asdf-hashicorp": "asdf-hashicorp",
        "asdf-haskell": "asdf-haskell",
        "asdf-janet": "asdf-janet",
        "asdf-java": "asdf-java",
        "asdf-lua": "asdf-lua",
        "asdf-nim": "asdf-nim",
        "asdf-ninja": "asdf-ninja",
        "asdf-nodejs": "asdf-nodejs",
        "asdf-ocaml": "asdf-ocaml",
        "asdf-pnpm": "asdf-pnpm",
        "asdf-poetry": "asdf-poetry",
        "asdf-python": "asdf-python",
        "asdf-racket": "asdf-racket",
        "asdf-ruby": "asdf-ruby",
        "asdf-sbcl": "asdf-sbcl",
        "asdf-scala": "asdf-scala",
        "asdf-solidity": "asdf-solidity",
        "asdf-trivy": "asdf-trivy",
        "asdf-uv": "asdf-uv",
        "asdf-v": "asdf-v",
        "asdf-yarn": "asdf-yarn",
        "asdf-zig": "asdf-zig",
        "atuin": "atuin",
        "clojure-deps-edn": "clojure-deps-edn",
        "clojure-lsp": "clojure-lsp",
        "comma": "comma",
        "darwin": "darwin",
        "darwin-stable": "darwin-stable",
        "devshell": "devshell_2",
        "emacs-custom-src": "emacs-custom-src",
        "emacs-lsp-booster": "emacs-lsp-booster",
        "emacs-overlay": "emacs-overlay",
        "flake-compat": "flake-compat_2",
        "flake-utils": "flake-utils_3",
        "forgit": "forgit",
        "gws": "gws",
        "hexrgb": "hexrgb",
        "home-manager": "home-manager",
        "nixos-hardware": "nixos-hardware",
        "nixpkgs": "nixpkgs_6",
        "nixpkgs-master": "nixpkgs-master",
        "nixpkgs-unstable": "nixpkgs-unstable",
        "own": "own",
        "paradedb-src": "paradedb-src",
        "small": "small",
        "sops-nix": "sops-nix",
        "spacehammer": "spacehammer",
        "stable": "stable",
        "tmux-conf": "tmux-conf",
        "zed": "zed",
        "zsh-alias-tips": "zsh-alias-tips",
        "zsh-autoquoter": "zsh-autoquoter"
      }
    },
    "rust-analyzer-src": {
      "flake": false,
      "locked": {
        "lastModified": 1758556272,
        "narHash": "sha256-9amq6LAd0CFF3dLrJUItPiG64MQOG4QPrvjbjpa6NFc=",
        "owner": "rust-lang",
        "repo": "rust-analyzer",
        "rev": "d05355db16dc526bb16bd84769ea840668d7015e",
        "type": "github"
      },
      "original": {
        "owner": "rust-lang",
        "ref": "nightly",
        "repo": "rust-analyzer",
        "type": "github"
      }
    },
    "rust-overlay": {
      "inputs": {
        "nixpkgs": [
          "zed",
          "nixpkgs"
        ]
      },
      "locked": {
        "lastModified": 1770001842,
        "narHash": "sha256-ZAyTeILfdWwDp1nuF0RK3McBduMi49qnJvrS+3Ezpac=",
        "owner": "oxalica",
        "repo": "rust-overlay",
        "rev": "5018343419ea808f8a413241381976b7e60951f2",
        "type": "github"
      },
      "original": {
        "owner": "oxalica",
        "repo": "rust-overlay",
        "type": "github"
      }
    },
    "small": {
      "locked": {
        "lastModified": 1773233959,
        "narHash": "sha256-Rwvc4HuCfnaDk5ExDwwm0ryaC1olJu1Up+fBtwIDqz8=",
        "owner": "nixos",
        "repo": "nixpkgs",
        "rev": "a0f2821b48406ae8e34aed85dfc02bf3799e1f79",
        "type": "github"
      },
      "original": {
        "owner": "nixos",
        "ref": "nixos-unstable-small",
        "repo": "nixpkgs",
        "type": "github"
      }
    },
    "sops-nix": {
      "inputs": {
        "nixpkgs": "nixpkgs_7"
      },
      "locked": {
        "lastModified": 1773096132,
        "narHash": "sha256-M3zEnq9OElB7zqc+mjgPlByPm1O5t2fbUrH3t/Hm5Ag=",
        "owner": "Mic92",
        "repo": "sops-nix",
        "rev": "d1ff3b1034d5bab5d7d8086a7803c5a5968cd784",
        "type": "github"
      },
      "original": {
        "owner": "Mic92",
        "repo": "sops-nix",
        "type": "github"
      }
    },
    "spacehammer": {
      "flake": false,
      "locked": {
        "lastModified": 1772724822,
        "narHash": "sha256-+gjqUKY2bpPhMIHMxYzqQtAb/MPf3mUiASZgITkS1gs=",
        "owner": "agzam",
        "repo": "spacehammer",
        "rev": "39a7da718264e73e691c4cd7ec0d5e234c7c4703",
        "type": "github"
      },
      "original": {
        "owner": "agzam",
        "repo": "spacehammer",
        "type": "github"
      }
    },
    "stable": {
      "locked": {
        "lastModified": 1704290814,
        "narHash": "sha256-LWvKHp7kGxk/GEtlrGYV68qIvPHkU9iToomNFGagixU=",
        "owner": "nixos",
        "repo": "nixpkgs",
        "rev": "70bdadeb94ffc8806c0570eb5c2695ad29f0e421",
        "type": "github"
      },
      "original": {
        "owner": "nixos",
        "ref": "nixos-23.05",
        "repo": "nixpkgs",
        "type": "github"
      }
    },
    "systems": {
      "locked": {
        "lastModified": 1681028828,
        "narHash": "sha256-Vy1rq5AaRuLzOxct8nz4T6wlgyUR7zLU309k9mBC768=",
        "owner": "nix-systems",
        "repo": "default",
        "rev": "da67096a3b9bf56a91d16901293e51ba5b49a27e",
        "type": "github"
      },
      "original": {
        "owner": "nix-systems",
        "repo": "default",
        "type": "github"
      }
    },
    "systems_2": {
      "locked": {
        "lastModified": 1681028828,
        "narHash": "sha256-Vy1rq5AaRuLzOxct8nz4T6wlgyUR7zLU309k9mBC768=",
        "owner": "nix-systems",
        "repo": "default",
        "rev": "da67096a3b9bf56a91d16901293e51ba5b49a27e",
        "type": "github"
      },
      "original": {
        "owner": "nix-systems",
        "repo": "default",
        "type": "github"
      }
    },
    "systems_3": {
      "locked": {
        "lastModified": 1681028828,
        "narHash": "sha256-Vy1rq5AaRuLzOxct8nz4T6wlgyUR7zLU309k9mBC768=",
        "owner": "nix-systems",
        "repo": "default",
        "rev": "da67096a3b9bf56a91d16901293e51ba5b49a27e",
        "type": "github"
      },
      "original": {
        "owner": "nix-systems",
        "repo": "default",
        "type": "github"
      }
    },
    "systems_4": {
      "locked": {
        "lastModified": 1681028828,
        "narHash": "sha256-Vy1rq5AaRuLzOxct8nz4T6wlgyUR7zLU309k9mBC768=",
        "owner": "nix-systems",
        "repo": "default",
        "rev": "da67096a3b9bf56a91d16901293e51ba5b49a27e",
        "type": "github"
      },
      "original": {
        "owner": "nix-systems",
        "repo": "default",
        "type": "github"
      }
    },
    "tmux-conf": {
      "flake": false,
      "locked": {
        "lastModified": 1771712748,
        "narHash": "sha256-nXm664l84YSwZeRM4Hsweqgz+OlpyfwXcgEdyNGhaGA=",
        "owner": "gpakosz",
        "repo": ".tmux",
        "rev": "af33f07134b76134acca9d01eacbdecca9c9cda6",
        "type": "github"
      },
      "original": {
        "owner": "gpakosz",
        "repo": ".tmux",
        "type": "github"
      }
    },
    "zed": {
      "inputs": {
        "crane": "crane",
        "flake-parts": "flake-parts_2",
        "nixpkgs": "nixpkgs_8",
        "rust-overlay": "rust-overlay"
      },
      "locked": {
        "lastModified": 1773271317,
        "narHash": "sha256-LrfMya3JsThLM68ybWjpwjE3cj+zdnnkCBOXC0m+3/g=",
        "owner": "zed-industries",
        "repo": "zed",
        "rev": "6034961499c180c56c41e9647f8f5950b2a808ef",
        "type": "github"
      },
      "original": {
        "owner": "zed-industries",
        "repo": "zed",
        "type": "github"
      }
    },
    "zsh-alias-tips": {
      "flake": false,
      "locked": {
        "lastModified": 1674152807,
        "narHash": "sha256-ZFWrwcwwwSYP5d8k7Lr/hL3WKAZmgn51Q9hYL3bq9vE=",
        "owner": "djui",
        "repo": "alias-tips",
        "rev": "41cb143ccc3b8cc444bf20257276cb43275f65c4",
        "type": "github"
      },
      "original": {
        "owner": "djui",
        "repo": "alias-tips",
        "type": "github"
      }
    },
    "zsh-autoquoter": {
      "flake": false,
      "locked": {
        "lastModified": 1695877068,
        "narHash": "sha256-CdyKIGxOnWGWPeBuNz067zp8/a394H0Ec2h3CA3oIx0=",
        "owner": "ianthehenry",
        "repo": "zsh-autoquoter",
        "rev": "9e3b1b216bf7b61a9807a242bae730b5fc232a44",
        "type": "github"
      },
      "original": {
        "owner": "ianthehenry",
        "repo": "zsh-autoquoter",
        "type": "github"
      }
    }
  },
  "root": "root",
  "version": 7
}
